// !$*UTF8*$!
{
	archiveVersion = 1;
	classes = {
	};
	objectVersion = 46;
	objects = {

/* Begin PBXBuildFile section */
		24B21E9415B34BB5009F284E /* InfoPlist.strings in Resources */ = {isa = PBXBuildFile; fileRef = 24B21E9215B34BB5009F284E /* InfoPlist.strings */; };
		24B21EC415B34C40009F284E /* IASKAppSettingsViewController.h in Headers */ = {isa = PBXBuildFile; fileRef = 24B21E9C15B34C40009F284E /* IASKAppSettingsViewController.h */; settings = {ATTRIBUTES = (Public, ); }; };
		24B21EC515B34C40009F284E /* IASKAppSettingsViewController.m in Sources */ = {isa = PBXBuildFile; fileRef = 24B21E9D15B34C40009F284E /* IASKAppSettingsViewController.m */; };
		24B21EC615B34C40009F284E /* IASKAppSettingsWebViewController.h in Headers */ = {isa = PBXBuildFile; fileRef = 24B21E9E15B34C40009F284E /* IASKAppSettingsWebViewController.h */; settings = {ATTRIBUTES = (Public, ); }; };
		24B21EC715B34C40009F284E /* IASKAppSettingsWebViewController.m in Sources */ = {isa = PBXBuildFile; fileRef = 24B21E9F15B34C40009F284E /* IASKAppSettingsWebViewController.m */; };
		24B21EC815B34C40009F284E /* IASKSpecifierValuesViewController.h in Headers */ = {isa = PBXBuildFile; fileRef = 24B21EA015B34C40009F284E /* IASKSpecifierValuesViewController.h */; settings = {ATTRIBUTES = (Public, ); }; };
		24B21EC915B34C40009F284E /* IASKSpecifierValuesViewController.m in Sources */ = {isa = PBXBuildFile; fileRef = 24B21EA115B34C40009F284E /* IASKSpecifierValuesViewController.m */; };
		24B21ECA15B34C40009F284E /* IASKViewController.h in Headers */ = {isa = PBXBuildFile; fileRef = 24B21EA215B34C40009F284E /* IASKViewController.h */; settings = {ATTRIBUTES = (Public, ); }; };
		24B21ECB15B34C40009F284E /* IASKSettingsReader.h in Headers */ = {isa = PBXBuildFile; fileRef = 24B21EA415B34C40009F284E /* IASKSettingsReader.h */; settings = {ATTRIBUTES = (Public, ); }; };
		24B21ECC15B34C40009F284E /* IASKSettingsReader.m in Sources */ = {isa = PBXBuildFile; fileRef = 24B21EA515B34C40009F284E /* IASKSettingsReader.m */; };
		24B21ECD15B34C40009F284E /* IASKSettingsStore.h in Headers */ = {isa = PBXBuildFile; fileRef = 24B21EA615B34C40009F284E /* IASKSettingsStore.h */; settings = {ATTRIBUTES = (Public, ); }; };
		24B21ECE15B34C40009F284E /* IASKSettingsStore.m in Sources */ = {isa = PBXBuildFile; fileRef = 24B21EA715B34C40009F284E /* IASKSettingsStore.m */; };
		24B21ECF15B34C40009F284E /* IASKSettingsStoreFile.h in Headers */ = {isa = PBXBuildFile; fileRef = 24B21EA815B34C40009F284E /* IASKSettingsStoreFile.h */; settings = {ATTRIBUTES = (Public, ); }; };
		24B21ED015B34C40009F284E /* IASKSettingsStoreFile.m in Sources */ = {isa = PBXBuildFile; fileRef = 24B21EA915B34C40009F284E /* IASKSettingsStoreFile.m */; };
		24B21ED115B34C40009F284E /* IASKSettingsStoreUserDefaults.h in Headers */ = {isa = PBXBuildFile; fileRef = 24B21EAA15B34C40009F284E /* IASKSettingsStoreUserDefaults.h */; settings = {ATTRIBUTES = (Public, ); }; };
		24B21ED215B34C40009F284E /* IASKSettingsStoreUserDefaults.m in Sources */ = {isa = PBXBuildFile; fileRef = 24B21EAB15B34C40009F284E /* IASKSettingsStoreUserDefaults.m */; };
		24B21ED315B34C40009F284E /* IASKSpecifier.h in Headers */ = {isa = PBXBuildFile; fileRef = 24B21EAC15B34C40009F284E /* IASKSpecifier.h */; settings = {ATTRIBUTES = (Public, ); }; };
		24B21ED415B34C40009F284E /* IASKSpecifier.m in Sources */ = {isa = PBXBuildFile; fileRef = 24B21EAD15B34C40009F284E /* IASKSpecifier.m */; };
		24B21ED515B34C40009F284E /* IASKPSSliderSpecifierViewCell.h in Headers */ = {isa = PBXBuildFile; fileRef = 24B21EAF15B34C40009F284E /* IASKPSSliderSpecifierViewCell.h */; settings = {ATTRIBUTES = (Public, ); }; };
		24B21ED615B34C40009F284E /* IASKPSSliderSpecifierViewCell.m in Sources */ = {isa = PBXBuildFile; fileRef = 24B21EB015B34C40009F284E /* IASKPSSliderSpecifierViewCell.m */; };
		24B21ED715B34C40009F284E /* IASKPSTextFieldSpecifierViewCell.h in Headers */ = {isa = PBXBuildFile; fileRef = 24B21EB115B34C40009F284E /* IASKPSTextFieldSpecifierViewCell.h */; settings = {ATTRIBUTES = (Public, ); }; };
		24B21ED815B34C40009F284E /* IASKPSTextFieldSpecifierViewCell.m in Sources */ = {isa = PBXBuildFile; fileRef = 24B21EB215B34C40009F284E /* IASKPSTextFieldSpecifierViewCell.m */; };
		24B21ED915B34C40009F284E /* IASKPSTitleValueSpecifierViewCell.h in Headers */ = {isa = PBXBuildFile; fileRef = 24B21EB315B34C40009F284E /* IASKPSTitleValueSpecifierViewCell.h */; settings = {ATTRIBUTES = (Public, ); }; };
		24B21EDA15B34C40009F284E /* IASKPSTitleValueSpecifierViewCell.m in Sources */ = {isa = PBXBuildFile; fileRef = 24B21EB415B34C40009F284E /* IASKPSTitleValueSpecifierViewCell.m */; };
		24B21EDD15B34C40009F284E /* IASKSlider.h in Headers */ = {isa = PBXBuildFile; fileRef = 24B21EB715B34C40009F284E /* IASKSlider.h */; settings = {ATTRIBUTES = (Public, ); }; };
		24B21EDE15B34C40009F284E /* IASKSlider.m in Sources */ = {isa = PBXBuildFile; fileRef = 24B21EB815B34C40009F284E /* IASKSlider.m */; };
		24B21EDF15B34C40009F284E /* IASKSwitch.h in Headers */ = {isa = PBXBuildFile; fileRef = 24B21EB915B34C40009F284E /* IASKSwitch.h */; settings = {ATTRIBUTES = (Public, ); }; };
		24B21EE015B34C40009F284E /* IASKSwitch.m in Sources */ = {isa = PBXBuildFile; fileRef = 24B21EBA15B34C40009F284E /* IASKSwitch.m */; };
		24B21EE115B34C40009F284E /* IASKTextField.h in Headers */ = {isa = PBXBuildFile; fileRef = 24B21EBB15B34C40009F284E /* IASKTextField.h */; settings = {ATTRIBUTES = (Public, ); }; };
		24B21EE215B34C40009F284E /* IASKTextField.m in Sources */ = {isa = PBXBuildFile; fileRef = 24B21EBC15B34C40009F284E /* IASKTextField.m */; };
/* End PBXBuildFile section */

/* Begin PBXFileReference section */
		24B21E8D15B34BB5009F284E /* InAppSettingsKit.framework */ = {isa = PBXFileReference; explicitFileType = wrapper.cfbundle; includeInIndex = 0; path = InAppSettingsKit.framework; sourceTree = BUILT_PRODUCTS_DIR; };
		24B21E9115B34BB5009F284E /* InAppSettingsKit-Info.plist */ = {isa = PBXFileReference; lastKnownFileType = text.plist.xml; path = "InAppSettingsKit-Info.plist"; sourceTree = "<group>"; };
		24B21E9315B34BB5009F284E /* en */ = {isa = PBXFileReference; lastKnownFileType = text.plist.strings; name = en; path = en.lproj/InfoPlist.strings; sourceTree = "<group>"; };
		24B21E9515B34BB5009F284E /* InAppSettingsKit-Prefix.pch */ = {isa = PBXFileReference; lastKnownFileType = sourcecode.c.h; path = "InAppSettingsKit-Prefix.pch"; sourceTree = "<group>"; };
		24B21E9C15B34C40009F284E /* IASKAppSettingsViewController.h */ = {isa = PBXFileReference; fileEncoding = 4; lastKnownFileType = sourcecode.c.h; path = IASKAppSettingsViewController.h; sourceTree = "<group>"; };
		24B21E9D15B34C40009F284E /* IASKAppSettingsViewController.m */ = {isa = PBXFileReference; fileEncoding = 4; lastKnownFileType = sourcecode.c.objc; path = IASKAppSettingsViewController.m; sourceTree = "<group>"; };
		24B21E9E15B34C40009F284E /* IASKAppSettingsWebViewController.h */ = {isa = PBXFileReference; fileEncoding = 4; lastKnownFileType = sourcecode.c.h; path = IASKAppSettingsWebViewController.h; sourceTree = "<group>"; };
		24B21E9F15B34C40009F284E /* IASKAppSettingsWebViewController.m */ = {isa = PBXFileReference; fileEncoding = 4; lastKnownFileType = sourcecode.c.objc; path = IASKAppSettingsWebViewController.m; sourceTree = "<group>"; };
		24B21EA015B34C40009F284E /* IASKSpecifierValuesViewController.h */ = {isa = PBXFileReference; fileEncoding = 4; lastKnownFileType = sourcecode.c.h; path = IASKSpecifierValuesViewController.h; sourceTree = "<group>"; };
		24B21EA115B34C40009F284E /* IASKSpecifierValuesViewController.m */ = {isa = PBXFileReference; fileEncoding = 4; lastKnownFileType = sourcecode.c.objc; path = IASKSpecifierValuesViewController.m; sourceTree = "<group>"; };
		24B21EA215B34C40009F284E /* IASKViewController.h */ = {isa = PBXFileReference; fileEncoding = 4; lastKnownFileType = sourcecode.c.h; path = IASKViewController.h; sourceTree = "<group>"; };
		24B21EA415B34C40009F284E /* IASKSettingsReader.h */ = {isa = PBXFileReference; fileEncoding = 4; lastKnownFileType = sourcecode.c.h; path = IASKSettingsReader.h; sourceTree = "<group>"; };
		24B21EA515B34C40009F284E /* IASKSettingsReader.m */ = {isa = PBXFileReference; fileEncoding = 4; lastKnownFileType = sourcecode.c.objc; path = IASKSettingsReader.m; sourceTree = "<group>"; };
		24B21EA615B34C40009F284E /* IASKSettingsStore.h */ = {isa = PBXFileReference; fileEncoding = 4; lastKnownFileType = sourcecode.c.h; path = IASKSettingsStore.h; sourceTree = "<group>"; };
		24B21EA715B34C40009F284E /* IASKSettingsStore.m */ = {isa = PBXFileReference; fileEncoding = 4; lastKnownFileType = sourcecode.c.objc; path = IASKSettingsStore.m; sourceTree = "<group>"; };
		24B21EA815B34C40009F284E /* IASKSettingsStoreFile.h */ = {isa = PBXFileReference; fileEncoding = 4; lastKnownFileType = sourcecode.c.h; path = IASKSettingsStoreFile.h; sourceTree = "<group>"; };
		24B21EA915B34C40009F284E /* IASKSettingsStoreFile.m */ = {isa = PBXFileReference; fileEncoding = 4; lastKnownFileType = sourcecode.c.objc; path = IASKSettingsStoreFile.m; sourceTree = "<group>"; };
		24B21EAA15B34C40009F284E /* IASKSettingsStoreUserDefaults.h */ = {isa = PBXFileReference; fileEncoding = 4; lastKnownFileType = sourcecode.c.h; path = IASKSettingsStoreUserDefaults.h; sourceTree = "<group>"; };
		24B21EAB15B34C40009F284E /* IASKSettingsStoreUserDefaults.m */ = {isa = PBXFileReference; fileEncoding = 4; lastKnownFileType = sourcecode.c.objc; path = IASKSettingsStoreUserDefaults.m; sourceTree = "<group>"; };
		24B21EAC15B34C40009F284E /* IASKSpecifier.h */ = {isa = PBXFileReference; fileEncoding = 4; lastKnownFileType = sourcecode.c.h; path = IASKSpecifier.h; sourceTree = "<group>"; };
		24B21EAD15B34C40009F284E /* IASKSpecifier.m */ = {isa = PBXFileReference; fileEncoding = 4; lastKnownFileType = sourcecode.c.objc; path = IASKSpecifier.m; sourceTree = "<group>"; };
		24B21EAF15B34C40009F284E /* IASKPSSliderSpecifierViewCell.h */ = {isa = PBXFileReference; fileEncoding = 4; lastKnownFileType = sourcecode.c.h; path = IASKPSSliderSpecifierViewCell.h; sourceTree = "<group>"; };
		24B21EB015B34C40009F284E /* IASKPSSliderSpecifierViewCell.m */ = {isa = PBXFileReference; fileEncoding = 4; lastKnownFileType = sourcecode.c.objc; path = IASKPSSliderSpecifierViewCell.m; sourceTree = "<group>"; };
		24B21EB115B34C40009F284E /* IASKPSTextFieldSpecifierViewCell.h */ = {isa = PBXFileReference; fileEncoding = 4; lastKnownFileType = sourcecode.c.h; path = IASKPSTextFieldSpecifierViewCell.h; sourceTree = "<group>"; };
		24B21EB215B34C40009F284E /* IASKPSTextFieldSpecifierViewCell.m */ = {isa = PBXFileReference; fileEncoding = 4; lastKnownFileType = sourcecode.c.objc; path = IASKPSTextFieldSpecifierViewCell.m; sourceTree = "<group>"; };
		24B21EB315B34C40009F284E /* IASKPSTitleValueSpecifierViewCell.h */ = {isa = PBXFileReference; fileEncoding = 4; lastKnownFileType = sourcecode.c.h; path = IASKPSTitleValueSpecifierViewCell.h; sourceTree = "<group>"; };
		24B21EB415B34C40009F284E /* IASKPSTitleValueSpecifierViewCell.m */ = {isa = PBXFileReference; fileEncoding = 4; lastKnownFileType = sourcecode.c.objc; path = IASKPSTitleValueSpecifierViewCell.m; sourceTree = "<group>"; };
		24B21EB715B34C40009F284E /* IASKSlider.h */ = {isa = PBXFileReference; fileEncoding = 4; lastKnownFileType = sourcecode.c.h; path = IASKSlider.h; sourceTree = "<group>"; };
		24B21EB815B34C40009F284E /* IASKSlider.m */ = {isa = PBXFileReference; fileEncoding = 4; lastKnownFileType = sourcecode.c.objc; path = IASKSlider.m; sourceTree = "<group>"; };
		24B21EB915B34C40009F284E /* IASKSwitch.h */ = {isa = PBXFileReference; fileEncoding = 4; lastKnownFileType = sourcecode.c.h; path = IASKSwitch.h; sourceTree = "<group>"; };
		24B21EBA15B34C40009F284E /* IASKSwitch.m */ = {isa = PBXFileReference; fileEncoding = 4; lastKnownFileType = sourcecode.c.objc; path = IASKSwitch.m; sourceTree = "<group>"; };
		24B21EBB15B34C40009F284E /* IASKTextField.h */ = {isa = PBXFileReference; fileEncoding = 4; lastKnownFileType = sourcecode.c.h; path = IASKTextField.h; sourceTree = "<group>"; };
		24B21EBC15B34C40009F284E /* IASKTextField.m */ = {isa = PBXFileReference; fileEncoding = 4; lastKnownFileType = sourcecode.c.objc; path = IASKTextField.m; sourceTree = "<group>"; };
/* End PBXFileReference section */

/* Begin PBXFrameworksBuildPhase section */
		24B21E8715B34BB5009F284E /* Frameworks */ = {
			isa = PBXFrameworksBuildPhase;
			buildActionMask = 2147483647;
			files = (
			);
			runOnlyForDeploymentPostprocessing = 0;
		};
/* End PBXFrameworksBuildPhase section */

/* Begin PBXGroup section */
		24B21E7E15B34BB5009F284E = {
			isa = PBXGroup;
			children = (
				24B21E8F15B34BB5009F284E /* InAppSettingsKit */,
				24B21E8E15B34BB5009F284E /* Products */,
			);
			sourceTree = "<group>";
		};
		24B21E8E15B34BB5009F284E /* Products */ = {
			isa = PBXGroup;
			children = (
				24B21E8D15B34BB5009F284E /* InAppSettingsKit.framework */,
			);
			name = Products;
			sourceTree = "<group>";
		};
		24B21E8F15B34BB5009F284E /* InAppSettingsKit */ = {
			isa = PBXGroup;
			children = (
				24B21E9B15B34C40009F284E /* Controllers */,
				24B21EA315B34C40009F284E /* Models */,
				24B21EAE15B34C40009F284E /* Views */,
				24B21E9015B34BB5009F284E /* Supporting Files */,
			);
			path = InAppSettingsKit;
			sourceTree = "<group>";
		};
		24B21E9015B34BB5009F284E /* Supporting Files */ = {
			isa = PBXGroup;
			children = (
				24B21E9115B34BB5009F284E /* InAppSettingsKit-Info.plist */,
				24B21E9215B34BB5009F284E /* InfoPlist.strings */,
				24B21E9515B34BB5009F284E /* InAppSettingsKit-Prefix.pch */,
			);
			name = "Supporting Files";
			sourceTree = "<group>";
		};
		24B21E9B15B34C40009F284E /* Controllers */ = {
			isa = PBXGroup;
			children = (
				24B21E9C15B34C40009F284E /* IASKAppSettingsViewController.h */,
				24B21E9D15B34C40009F284E /* IASKAppSettingsViewController.m */,
				24B21E9E15B34C40009F284E /* IASKAppSettingsWebViewController.h */,
				24B21E9F15B34C40009F284E /* IASKAppSettingsWebViewController.m */,
				24B21EA015B34C40009F284E /* IASKSpecifierValuesViewController.h */,
				24B21EA115B34C40009F284E /* IASKSpecifierValuesViewController.m */,
				24B21EA215B34C40009F284E /* IASKViewController.h */,
			);
			path = Controllers;
			sourceTree = SOURCE_ROOT;
		};
		24B21EA315B34C40009F284E /* Models */ = {
			isa = PBXGroup;
			children = (
				24B21EA415B34C40009F284E /* IASKSettingsReader.h */,
				24B21EA515B34C40009F284E /* IASKSettingsReader.m */,
				24B21EA615B34C40009F284E /* IASKSettingsStore.h */,
				24B21EA715B34C40009F284E /* IASKSettingsStore.m */,
				24B21EA815B34C40009F284E /* IASKSettingsStoreFile.h */,
				24B21EA915B34C40009F284E /* IASKSettingsStoreFile.m */,
				24B21EAA15B34C40009F284E /* IASKSettingsStoreUserDefaults.h */,
				24B21EAB15B34C40009F284E /* IASKSettingsStoreUserDefaults.m */,
				24B21EAC15B34C40009F284E /* IASKSpecifier.h */,
				24B21EAD15B34C40009F284E /* IASKSpecifier.m */,
			);
			path = Models;
			sourceTree = SOURCE_ROOT;
		};
		24B21EAE15B34C40009F284E /* Views */ = {
			isa = PBXGroup;
			children = (
				24B21EAF15B34C40009F284E /* IASKPSSliderSpecifierViewCell.h */,
				24B21EB015B34C40009F284E /* IASKPSSliderSpecifierViewCell.m */,
				24B21EB115B34C40009F284E /* IASKPSTextFieldSpecifierViewCell.h */,
				24B21EB215B34C40009F284E /* IASKPSTextFieldSpecifierViewCell.m */,
				24B21EB315B34C40009F284E /* IASKPSTitleValueSpecifierViewCell.h */,
				24B21EB415B34C40009F284E /* IASKPSTitleValueSpecifierViewCell.m */,
				24B21EB715B34C40009F284E /* IASKSlider.h */,
				24B21EB815B34C40009F284E /* IASKSlider.m */,
				24B21EB915B34C40009F284E /* IASKSwitch.h */,
				24B21EBA15B34C40009F284E /* IASKSwitch.m */,
				24B21EBB15B34C40009F284E /* IASKTextField.h */,
				24B21EBC15B34C40009F284E /* IASKTextField.m */,
			);
			path = Views;
			sourceTree = SOURCE_ROOT;
		};
/* End PBXGroup section */

/* Begin PBXHeadersBuildPhase section */
		24B21E8815B34BB5009F284E /* Headers */ = {
			isa = PBXHeadersBuildPhase;
			buildActionMask = 2147483647;
			files = (
				24B21EC415B34C40009F284E /* IASKAppSettingsViewController.h in Headers */,
				24B21EC615B34C40009F284E /* IASKAppSettingsWebViewController.h in Headers */,
				24B21EC815B34C40009F284E /* IASKSpecifierValuesViewController.h in Headers */,
				24B21ECA15B34C40009F284E /* IASKViewController.h in Headers */,
				24B21ECB15B34C40009F284E /* IASKSettingsReader.h in Headers */,
				24B21ECD15B34C40009F284E /* IASKSettingsStore.h in Headers */,
				24B21ECF15B34C40009F284E /* IASKSettingsStoreFile.h in Headers */,
				24B21ED115B34C40009F284E /* IASKSettingsStoreUserDefaults.h in Headers */,
				24B21ED315B34C40009F284E /* IASKSpecifier.h in Headers */,
				24B21ED515B34C40009F284E /* IASKPSSliderSpecifierViewCell.h in Headers */,
				24B21ED715B34C40009F284E /* IASKPSTextFieldSpecifierViewCell.h in Headers */,
				24B21ED915B34C40009F284E /* IASKPSTitleValueSpecifierViewCell.h in Headers */,
				24B21EDD15B34C40009F284E /* IASKSlider.h in Headers */,
				24B21EDF15B34C40009F284E /* IASKSwitch.h in Headers */,
				24B21EE115B34C40009F284E /* IASKTextField.h in Headers */,
			);
			runOnlyForDeploymentPostprocessing = 0;
		};
/* End PBXHeadersBuildPhase section */

/* Begin PBXNativeTarget section */
		24B21E8C15B34BB5009F284E /* InAppSettingsKit */ = {
			isa = PBXNativeTarget;
			buildConfigurationList = 24B21E9815B34BB5009F284E /* Build configuration list for PBXNativeTarget "InAppSettingsKit" */;
			buildPhases = (
				24B21E8515B34BB5009F284E /* ShellScript */,
				24B21E8615B34BB5009F284E /* Sources */,
				24B21E8715B34BB5009F284E /* Frameworks */,
				24B21E8815B34BB5009F284E /* Headers */,
				24B21E8915B34BB5009F284E /* Resources */,
				24B21E8A15B34BB5009F284E /* ShellScript */,
				24B21E8B15B34BB5009F284E /* ShellScript */,
			);
			buildRules = (
			);
			dependencies = (
			);
			name = InAppSettingsKit;
			productName = InAppSettingsKit;
			productReference = 24B21E8D15B34BB5009F284E /* InAppSettingsKit.framework */;
			productType = "com.apple.product-type.bundle";
		};
/* End PBXNativeTarget section */

/* Begin PBXProject section */
		24B21E8015B34BB5009F284E /* Project object */ = {
			isa = PBXProject;
			attributes = {
				LastUpgradeCheck = 0430;
			};
			buildConfigurationList = 24B21E8315B34BB5009F284E /* Build configuration list for PBXProject "InAppSettingsKit" */;
			compatibilityVersion = "Xcode 3.2";
			developmentRegion = English;
			hasScannedForEncodings = 0;
			knownRegions = (
				en,
			);
			mainGroup = 24B21E7E15B34BB5009F284E;
			productRefGroup = 24B21E8E15B34BB5009F284E /* Products */;
			projectDirPath = "";
			projectRoot = "";
			targets = (
				24B21E8C15B34BB5009F284E /* InAppSettingsKit */,
			);
		};
/* End PBXProject section */

/* Begin PBXResourcesBuildPhase section */
		24B21E8915B34BB5009F284E /* Resources */ = {
			isa = PBXResourcesBuildPhase;
			buildActionMask = 2147483647;
			files = (
				24B21E9415B34BB5009F284E /* InfoPlist.strings in Resources */,
			);
			runOnlyForDeploymentPostprocessing = 0;
		};
/* End PBXResourcesBuildPhase section */

/* Begin PBXShellScriptBuildPhase section */
		24B21E8515B34BB5009F284E /* ShellScript */ = {
			isa = PBXShellScriptBuildPhase;
			buildActionMask = 2147483647;
			files = (
			);
			inputPaths = (
			);
			outputPaths = (
			);
			runOnlyForDeploymentPostprocessing = 0;
			shellPath = /bin/sh;
			shellScript = "set -e\n\nset +u\nif [[ $UFW_MASTER_SCRIPT_RUNNING ]]\nthen\n    # Nothing for the slave script to do\n    exit 0\nfi\nset -u\n\nif [[ \"$SDK_NAME\" =~ ([A-Za-z]+) ]]\nthen\n    UFW_SDK_PLATFORM=${BASH_REMATCH[1]}\nelse\n    echo \"Could not find platform name from SDK_NAME: $SDK_NAME\"\n    exit 1\nfi\n\nif [[ \"$SDK_NAME\" =~ ([0-9]+.*$) ]]\nthen\n\tUFW_SDK_VERSION=${BASH_REMATCH[1]}\nelse\n    echo \"Could not find sdk version  from SDK_NAME: $SDK_NAME\"\n    exit 1\nfi\n\nif [[ \"$UFW_SDK_PLATFORM\" = \"iphoneos\" ]]\nthen\n    UFW_OTHER_PLATFORM=iphonesimulator\nelse\n    UFW_OTHER_PLATFORM=iphoneos\nfi\n\nif [[ \"$BUILT_PRODUCTS_DIR\" =~ (.*)$UFW_SDK_PLATFORM$ ]]\nthen\n    UFW_OTHER_BUILT_PRODUCTS_DIR=\"${BASH_REMATCH[1]}${UFW_OTHER_PLATFORM}\"\nelse\n    echo \"Could not find $UFW_SDK_PLATFORM in $BUILT_PRODUCTS_DIR\"\n    exit 1\nfi\n\n\n# Short-circuit if all binaries are up to date\n\nif [[ -f \"${BUILT_PRODUCTS_DIR}/${EXECUTABLE_PATH}\" ]] && \\\n   [[ -f \"${BUILT_PRODUCTS_DIR}/${PRODUCT_NAME}.embeddedframework/${EXECUTABLE_PATH}\" ]] && \\\n   [[ ! \"${BUILT_PRODUCTS_DIR}/${EXECUTABLE_PATH}\" -nt \"${BUILT_PRODUCTS_DIR}/${PRODUCT_NAME}.embeddedframework/${EXECUTABLE_PATH}\" ]]\n   [[ -f \"${UFW_OTHER_BUILT_PRODUCTS_DIR}/${EXECUTABLE_PATH}\" ]] && \\\n   [[ -f \"${UFW_OTHER_BUILT_PRODUCTS_DIR}/${PRODUCT_NAME}.embeddedframework/${EXECUTABLE_PATH}\" ]] && \\\n   [[ ! \"${UFW_OTHER_BUILT_PRODUCTS_DIR}/${EXECUTABLE_PATH}\" -nt \"${UFW_OTHER_BUILT_PRODUCTS_DIR}/${PRODUCT_NAME}.embeddedframework/${EXECUTABLE_PATH}\" ]]\nthen\n    exit 0\nfi\n\n\n# Clean other platform if needed\n\nif [[ ! -f \"${BUILT_PRODUCTS_DIR}/${EXECUTABLE_PATH}\" ]]\nthen\n\techo \"Platform \\\"$UFW_SDK_PLATFORM\\\" was cleaned recently. Cleaning \\\"$UFW_OTHER_PLATFORM\\\" as well\"\n\techo xcodebuild -project \"${PROJECT_FILE_PATH}\" -target \"${TARGET_NAME}\" -configuration \"${CONFIGURATION}\" -sdk ${UFW_OTHER_PLATFORM}${UFW_SDK_VERSION} BUILD_DIR=\"${BUILD_DIR}\" CONFIGURATION_TEMP_DIR=\"${PROJECT_TEMP_DIR}/${CONFIGURATION}-${UFW_OTHER_PLATFORM}\" clean\n\txcodebuild -project \"${PROJECT_FILE_PATH}\" -target \"${TARGET_NAME}\" -configuration \"${CONFIGURATION}\" -sdk ${UFW_OTHER_PLATFORM}${UFW_SDK_VERSION} BUILD_DIR=\"${BUILD_DIR}\" CONFIGURATION_TEMP_DIR=\"${PROJECT_TEMP_DIR}/${CONFIGURATION}-${UFW_OTHER_PLATFORM}\" clean\nfi\n\n\n# Make sure we are building from fresh binaries\n\nrm -rf \"${BUILT_PRODUCTS_DIR}/${EXECUTABLE_PATH}\"\nrm -rf \"${BUILT_PRODUCTS_DIR}/${PRODUCT_NAME}.embeddedframework\"\nrm -rf \"${UFW_OTHER_BUILT_PRODUCTS_DIR}/${EXECUTABLE_PATH}\"\nrm -rf \"${UFW_OTHER_BUILT_PRODUCTS_DIR}/${PRODUCT_NAME}.embeddedframework\"\n";
		};
		24B21E8A15B34BB5009F284E /* ShellScript */ = {
			isa = PBXShellScriptBuildPhase;
			buildActionMask = 2147483647;
			files = (
			);
			inputPaths = (
			);
			outputPaths = (
			);
			runOnlyForDeploymentPostprocessing = 0;
			shellPath = /bin/sh;
			shellScript = "HEADERS_ROOT=$SRCROOT/$PRODUCT_NAME\nFRAMEWORK_HEADERS_DIR=\"$BUILT_PRODUCTS_DIR/$WRAPPER_NAME/Versions/$FRAMEWORK_VERSION/Headers\"\n\n## only header files expected at this point\nPUBLIC_HEADERS=$(find $FRAMEWORK_HEADERS_DIR/. -not -type d 2> /dev/null | sed -e \"s@.*/@@g\")\n\nFIND_OPTS=\"\"\nfor PUBLIC_HEADER in $PUBLIC_HEADERS; do\n  if [ -n \"$FIND_OPTS\" ]; then\n    FIND_OPTS=\"$FIND_OPTS -o\"\n  fi\n  FIND_OPTS=\"$FIND_OPTS -name '$PUBLIC_HEADER'\"\ndone\n\nif [ -n \"$FIND_OPTS\" ]; then\n  for ORIG_HEADER in $(eval \"find $HEADERS_ROOT/. $FIND_OPTS\" 2> /dev/null | sed -e \"s@^$HEADERS_ROOT/./@@g\"); do\n    PUBLIC_HEADER=$(basename $ORIG_HEADER)\n    RELATIVE_PATH=$(dirname $ORIG_HEADER)\n    if [ -e $FRAMEWORK_HEADERS_DIR/$PUBLIC_HEADER ]; then\n      mkdir -p \"$FRAMEWORK_HEADERS_DIR/$RELATIVE_PATH\"\n      mv \"$FRAMEWORK_HEADERS_DIR/$PUBLIC_HEADER\" \"$FRAMEWORK_HEADERS_DIR/$RELATIVE_PATH/$PUBLIC_HEADER\"\n    fi\n  done\nfi\n";
		};
		24B21E8B15B34BB5009F284E /* ShellScript */ = {
			isa = PBXShellScriptBuildPhase;
			buildActionMask = 2147483647;
			files = (
			);
			inputPaths = (
			);
			outputPaths = (
			);
			runOnlyForDeploymentPostprocessing = 0;
			shellPath = /bin/sh;
			shellScript = "set -e\n\nset +u\nif [[ $UFW_MASTER_SCRIPT_RUNNING ]]\nthen\n    # Nothing for the slave script to do\n    exit 0\nfi\nset -u\nexport UFW_MASTER_SCRIPT_RUNNING=1\n\n\n# Functions\n\n## List files in the specified directory, storing to the specified array.\n#\n# @param $1 The path to list\n# @param $2 The name of the array to fill\n#\n##\nlist_files ()\n{\n    filelist=$(ls \"$1\")\n    while read line\n    do\n        eval \"$2[\\${#$2[*]}]=\\\"\\$line\\\"\"\n    done <<< \"$filelist\"\n}\n\n\n# Sanity check\n\nif [[ ! -f \"${BUILT_PRODUCTS_DIR}/${EXECUTABLE_PATH}\" ]]\nthen\n    echo \"Framework target \\\"${TARGET_NAME}\\\" had no source files to build from. Make sure your source files have the correct target membership\"\n    exit 1\nfi\n\n\n# Gather information\n\nif [[ \"$SDK_NAME\" =~ ([A-Za-z]+) ]]\nthen\n    UFW_SDK_PLATFORM=${BASH_REMATCH[1]}\nelse\n    echo \"Could not find platform name from SDK_NAME: $SDK_NAME\"\n    exit 1\nfi\n\nif [[ \"$SDK_NAME\" =~ ([0-9]+.*$) ]]\nthen\n    UFW_SDK_VERSION=${BASH_REMATCH[1]}\nelse\n    echo \"Could not find sdk version from SDK_NAME: $SDK_NAME\"\n    exit 1\nfi\n\nif [[ \"$UFW_SDK_PLATFORM\" = \"iphoneos\" ]]\nthen\n    UFW_OTHER_PLATFORM=iphonesimulator\nelse\n    UFW_OTHER_PLATFORM=iphoneos\nfi\n\nif [[ \"$BUILT_PRODUCTS_DIR\" =~ (.*)$UFW_SDK_PLATFORM$ ]]\nthen\n    UFW_OTHER_BUILT_PRODUCTS_DIR=\"${BASH_REMATCH[1]}${UFW_OTHER_PLATFORM}\"\nelse\n    echo \"Could not find $UFW_SDK_PLATFORM in $BUILT_PRODUCTS_DIR\"\n    exit 1\nfi\n\n\n# Short-circuit if all binaries are up to date.\n# We already checked the other platform in the prerun script.\n\nif [[ -f \"${BUILT_PRODUCTS_DIR}/${EXECUTABLE_PATH}\" ]] && [[ -f \"${BUILT_PRODUCTS_DIR}/${PRODUCT_NAME}.embeddedframework/${EXECUTABLE_PATH}\" ]] && [[ ! \"${BUILT_PRODUCTS_DIR}/${EXECUTABLE_PATH}\" -nt \"${BUILT_PRODUCTS_DIR}/${PRODUCT_NAME}.embeddedframework/${EXECUTABLE_PATH}\" ]]\nthen\n    exit 0\nfi\n\n\n# Make sure the other platform gets built\n\necho \"Build other platform\"\n\necho xcodebuild -project \"${PROJECT_FILE_PATH}\" -target \"${TARGET_NAME}\" -configuration \"${CONFIGURATION}\" -sdk ${UFW_OTHER_PLATFORM}${UFW_SDK_VERSION} BUILD_DIR=\"${BUILD_DIR}\" CONFIGURATION_TEMP_DIR=\"${PROJECT_TEMP_DIR}/${CONFIGURATION}-${UFW_OTHER_PLATFORM}\" $ACTION\nxcodebuild -project \"${PROJECT_FILE_PATH}\" -target \"${TARGET_NAME}\" -configuration \"${CONFIGURATION}\" -sdk ${UFW_OTHER_PLATFORM}${UFW_SDK_VERSION} BUILD_DIR=\"${BUILD_DIR}\" CONFIGURATION_TEMP_DIR=\"${PROJECT_TEMP_DIR}/${CONFIGURATION}-${UFW_OTHER_PLATFORM}\" $ACTION\n\n\n# Build the fat static library binary\n\necho \"Create universal static library\"\n\necho \"$PLATFORM_DEVELOPER_BIN_DIR/libtool\" -static \"${BUILT_PRODUCTS_DIR}/${EXECUTABLE_PATH}\" \"${UFW_OTHER_BUILT_PRODUCTS_DIR}/${EXECUTABLE_PATH}\" -o \"${BUILT_PRODUCTS_DIR}/${EXECUTABLE_PATH}.temp\"\n\"$PLATFORM_DEVELOPER_BIN_DIR/libtool\" -static \"${BUILT_PRODUCTS_DIR}/${EXECUTABLE_PATH}\" \"${UFW_OTHER_BUILT_PRODUCTS_DIR}/${EXECUTABLE_PATH}\" -o \"${BUILT_PRODUCTS_DIR}/${EXECUTABLE_PATH}.temp\"\n\necho mv \"${BUILT_PRODUCTS_DIR}/${EXECUTABLE_PATH}.temp\" \"${BUILT_PRODUCTS_DIR}/${EXECUTABLE_PATH}\"\nmv \"${BUILT_PRODUCTS_DIR}/${EXECUTABLE_PATH}.temp\" \"${BUILT_PRODUCTS_DIR}/${EXECUTABLE_PATH}\"\n\n\n# Build framework structure\n\necho \"Build symlinks\"\n\necho ln -sfh A \"${BUILT_PRODUCTS_DIR}/${WRAPPER_NAME}/Versions/Current\"\nln -sfh A \"${BUILT_PRODUCTS_DIR}/${WRAPPER_NAME}/Versions/Current\"\necho ln -sfh Versions/Current/Headers \"${BUILT_PRODUCTS_DIR}/${WRAPPER_NAME}/Headers\"\nln -sfh Versions/Current/Headers \"${BUILT_PRODUCTS_DIR}/${WRAPPER_NAME}/Headers\"\necho ln -sfh Versions/Current/Resources \"${BUILT_PRODUCTS_DIR}/${WRAPPER_NAME}/Resources\"\nln -sfh Versions/Current/Resources \"${BUILT_PRODUCTS_DIR}/${WRAPPER_NAME}/Resources\"\necho ln -sfh \"Versions/Current/${EXECUTABLE_NAME}\" \"${BUILT_PRODUCTS_DIR}/${WRAPPER_NAME}/${EXECUTABLE_NAME}\"\nln -sfh \"Versions/Current/${EXECUTABLE_NAME}\" \"${BUILT_PRODUCTS_DIR}/${WRAPPER_NAME}/${EXECUTABLE_NAME}\"\n\n\n# Link to binary for unit tests\n\nmkdir -p \"${BUILT_PRODUCTS_DIR}/.fake_fw_testing.framework\"\nln -sfh \"../${WRAPPER_NAME}/${EXECUTABLE_NAME}\" \"${BUILT_PRODUCTS_DIR}/.fake_fw_testing.framework/.fake_fw_testing\"\n\n\n# Build embedded framework structure\n\necho \"Build Embedded Framework\"\n\necho rm -rf \"${BUILT_PRODUCTS_DIR}/${PRODUCT_NAME}.embeddedframework\"\nrm -rf \"${BUILT_PRODUCTS_DIR}/${PRODUCT_NAME}.embeddedframework\"\necho mkdir -p \"${BUILT_PRODUCTS_DIR}/${PRODUCT_NAME}.embeddedframework/Resources\"\nmkdir -p \"${BUILT_PRODUCTS_DIR}/${PRODUCT_NAME}.embeddedframework/Resources\"\necho cp -a \"${BUILT_PRODUCTS_DIR}/${WRAPPER_NAME}\" \"${BUILT_PRODUCTS_DIR}/${PRODUCT_NAME}.embeddedframework/\"\ncp -a \"${BUILT_PRODUCTS_DIR}/${WRAPPER_NAME}\" \"${BUILT_PRODUCTS_DIR}/${PRODUCT_NAME}.embeddedframework/\"\n\ndeclare -a UFW_FILE_LIST\nlist_files \"${BUILT_PRODUCTS_DIR}/${UNLOCALIZED_RESOURCES_FOLDER_PATH}\" UFW_FILE_LIST\nfor filename in \"${UFW_FILE_LIST[@]}\"\ndo\n    if [[ \"${filename}\" != \"Info.plist\" ]] && [[ ! \"${filename}\" =~ .*\\.lproj$ ]]\n    then\n        echo ln -sfh \"../${WRAPPER_NAME}/Resources/${filename}\" \"${BUILT_PRODUCTS_DIR}/${PRODUCT_NAME}.embeddedframework/Resources/${filename}\"\n        ln -sfh \"../${WRAPPER_NAME}/Resources/${filename}\" \"${BUILT_PRODUCTS_DIR}/${PRODUCT_NAME}.embeddedframework/Resources/${filename}\"\n    fi\ndone\n\n\n# Replace other platform's framework with a copy of this one (so that both have the same universal binary)\n\necho \"Copy from $UFW_SDK_PLATFORM to $UFW_OTHER_PLATFORM\"\n\necho rm -rf \"${BUILD_DIR}/${CONFIGURATION}-${UFW_OTHER_PLATFORM}\"\nrm -rf \"${BUILD_DIR}/${CONFIGURATION}-${UFW_OTHER_PLATFORM}\"\necho cp -a \"${BUILD_DIR}/${CONFIGURATION}-${UFW_SDK_PLATFORM}\" \"${BUILD_DIR}/${CONFIGURATION}-${UFW_OTHER_PLATFORM}\"\ncp -a \"${BUILD_DIR}/${CONFIGURATION}-${UFW_SDK_PLATFORM}\" \"${BUILD_DIR}/${CONFIGURATION}-${UFW_OTHER_PLATFORM}\"\n";
		};
/* End PBXShellScriptBuildPhase section */

/* Begin PBXSourcesBuildPhase section */
		24B21E8615B34BB5009F284E /* Sources */ = {
			isa = PBXSourcesBuildPhase;
			buildActionMask = 2147483647;
			files = (
				24B21EC515B34C40009F284E /* IASKAppSettingsViewController.m in Sources */,
				24B21EC715B34C40009F284E /* IASKAppSettingsWebViewController.m in Sources */,
				24B21EC915B34C40009F284E /* IASKSpecifierValuesViewController.m in Sources */,
				24B21ECC15B34C40009F284E /* IASKSettingsReader.m in Sources */,
				24B21ECE15B34C40009F284E /* IASKSettingsStore.m in Sources */,
				24B21ED015B34C40009F284E /* IASKSettingsStoreFile.m in Sources */,
				24B21ED215B34C40009F284E /* IASKSettingsStoreUserDefaults.m in Sources */,
				24B21ED415B34C40009F284E /* IASKSpecifier.m in Sources */,
				24B21ED615B34C40009F284E /* IASKPSSliderSpecifierViewCell.m in Sources */,
				24B21ED815B34C40009F284E /* IASKPSTextFieldSpecifierViewCell.m in Sources */,
				24B21EDA15B34C40009F284E /* IASKPSTitleValueSpecifierViewCell.m in Sources */,
				24B21EDE15B34C40009F284E /* IASKSlider.m in Sources */,
				24B21EE015B34C40009F284E /* IASKSwitch.m in Sources */,
				24B21EE215B34C40009F284E /* IASKTextField.m in Sources */,
			);
			runOnlyForDeploymentPostprocessing = 0;
		};
/* End PBXSourcesBuildPhase section */

/* Begin PBXVariantGroup section */
		24B21E9215B34BB5009F284E /* InfoPlist.strings */ = {
			isa = PBXVariantGroup;
			children = (
				24B21E9315B34BB5009F284E /* en */,
			);
			name = InfoPlist.strings;
			sourceTree = "<group>";
		};
/* End PBXVariantGroup section */

/* Begin XCBuildConfiguration section */
		24B21E9615B34BB5009F284E /* Debug */ = {
			isa = XCBuildConfiguration;
			buildSettings = {
				ALWAYS_SEARCH_USER_PATHS = NO;
				ARCHS = "$(ARCHS_STANDARD_32_BIT)";
				COPY_PHASE_STRIP = NO;
				GCC_C_LANGUAGE_STANDARD = gnu99;
				GCC_DYNAMIC_NO_PIC = NO;
				GCC_OPTIMIZATION_LEVEL = 0;
				GCC_PREPROCESSOR_DEFINITIONS = (
					"DEBUG=1",
					"$(inherited)",
				);
				GCC_SYMBOLS_PRIVATE_EXTERN = NO;
				GCC_VERSION = com.apple.compilers.llvm.clang.1_0;
				GCC_WARN_ABOUT_RETURN_TYPE = YES;
				GCC_WARN_UNINITIALIZED_AUTOS = YES;
				GCC_WARN_UNUSED_VARIABLE = YES;
				IPHONEOS_DEPLOYMENT_TARGET = 3.0;
				SDKROOT = iphoneos;
			};
			name = Debug;
		};
		24B21E9715B34BB5009F284E /* Release */ = {
			isa = XCBuildConfiguration;
			buildSettings = {
				ALWAYS_SEARCH_USER_PATHS = NO;
				ARCHS = "$(ARCHS_STANDARD_32_BIT)";
				COPY_PHASE_STRIP = YES;
				GCC_C_LANGUAGE_STANDARD = gnu99;
				GCC_VERSION = com.apple.compilers.llvm.clang.1_0;
				GCC_WARN_ABOUT_RETURN_TYPE = YES;
				GCC_WARN_UNINITIALIZED_AUTOS = YES;
				GCC_WARN_UNUSED_VARIABLE = YES;
				IPHONEOS_DEPLOYMENT_TARGET = 3.0;
				SDKROOT = iphoneos;
				VALIDATE_PRODUCT = YES;
			};
			name = Release;
		};
		24B21E9915B34BB5009F284E /* Debug */ = {
			isa = XCBuildConfiguration;
			buildSettings = {
				ARCHS = (
					armv6,
					"$(ARCHS_STANDARD_32_BIT)",
				);
				CONTENTS_FOLDER_PATH = "$(WRAPPER_NAME)/Versions/$(FRAMEWORK_VERSION)";
				DEAD_CODE_STRIPPING = NO;
				DYLIB_COMPATIBILITY_VERSION = 1;
				DYLIB_CURRENT_VERSION = 1;
				FRAMEWORK_VERSION = A;
				GCC_PRECOMPILE_PREFIX_HEADER = YES;
				GCC_PREFIX_HEADER = "InAppSettingsKit/InAppSettingsKit-Prefix.pch";
				GCC_THUMB_SUPPORT = NO;
				INFOPLIST_FILE = "InAppSettingsKit/InAppSettingsKit-Info.plist";
				INFOPLIST_PATH = "$(UNLOCALIZED_RESOURCES_FOLDER_PATH)/Info.plist";
				INSTALL_PATH = "$(BUILT_PRODUCTS_DIR)";
				LINK_WITH_STANDARD_LIBRARIES = NO;
				MACH_O_TYPE = mh_object;
				PRODUCT_NAME = "$(TARGET_NAME)";
				SKIP_INSTALL = YES;
				UNLOCALIZED_RESOURCES_FOLDER_PATH = "$(CONTENTS_FOLDER_PATH)/Resources";
				WRAPPER_EXTENSION = framework;
			};
			name = Debug;
		};
		24B21E9A15B34BB5009F284E /* Release */ = {
			isa = XCBuildConfiguration;
			buildSettings = {
				ARCHS = (
					armv6,
					"$(ARCHS_STANDARD_32_BIT)",
				);
				CONTENTS_FOLDER_PATH = "$(WRAPPER_NAME)/Versions/$(FRAMEWORK_VERSION)";
				DEAD_CODE_STRIPPING = NO;
				DYLIB_COMPATIBILITY_VERSION = 1;
				DYLIB_CURRENT_VERSION = 1;
				FRAMEWORK_VERSION = A;
				GCC_PRECOMPILE_PREFIX_HEADER = YES;
				GCC_PREFIX_HEADER = "InAppSettingsKit/InAppSettingsKit-Prefix.pch";
				GCC_THUMB_SUPPORT = NO;
				INFOPLIST_FILE = "InAppSettingsKit/InAppSettingsKit-Info.plist";
				INFOPLIST_PATH = "$(UNLOCALIZED_RESOURCES_FOLDER_PATH)/Info.plist";
				INSTALL_PATH = "$(BUILT_PRODUCTS_DIR)";
				LINK_WITH_STANDARD_LIBRARIES = NO;
				MACH_O_TYPE = mh_object;
				PRODUCT_NAME = "$(TARGET_NAME)";
				SKIP_INSTALL = YES;
				UNLOCALIZED_RESOURCES_FOLDER_PATH = "$(CONTENTS_FOLDER_PATH)/Resources";
				WRAPPER_EXTENSION = framework;
			};
			name = Release;
		};
/* End XCBuildConfiguration section */

/* Begin XCConfigurationList section */
		24B21E8315B34BB5009F284E /* Build configuration list for PBXProject "InAppSettingsKit" */ = {
			isa = XCConfigurationList;
			buildConfigurations = (
				24B21E9615B34BB5009F284E /* Debug */,
				24B21E9715B34BB5009F284E /* Release */,
			);
			defaultConfigurationIsVisible = 0;
			defaultConfigurationName = Release;
		};
		24B21E9815B34BB5009F284E /* Build configuration list for PBXNativeTarget "InAppSettingsKit" */ = {
			isa = XCConfigurationList;
			buildConfigurations = (
				24B21E9915B34BB5009F284E /* Debug */,
				24B21E9A15B34BB5009F284E /* Release */,
			);
			defaultConfigurationIsVisible = 0;
			defaultConfigurationName = Release;
		};
/* End XCConfigurationList section */
	};
	rootObject = 24B21E8015B34BB5009F284E /* Project object */;
}
