// !$*UTF8*$!
{
	archiveVersion = 1;
	classes = {
	};
	objectVersion = 46;
	objects = {

/* Begin PBXBuildFile section */
		1D3623260D0F684500981E51 /* InAppSettingsKitSampleAppAppDelegate.m in Sources */ = {isa = PBXBuildFile; fileRef = 1D3623250D0F684500981E51 /* InAppSettingsKitSampleAppAppDelegate.m */; };
		1D60589B0D05DD56006BFB54 /* main.m in Sources */ = {isa = PBXBuildFile; fileRef = 29B97316FDCFA39411CA2CEA /* main.m */; };
		1D60589F0D05DD5A006BFB54 /* Foundation.framework in Frameworks */ = {isa = PBXBuildFile; fileRef = 1D30AB110D05D00D00671497 /* Foundation.framework */; };
		1DF5F4E00D08C38300B7A737 /* UIKit.framework in Frameworks */ = {isa = PBXBuildFile; fileRef = 1DF5F4DF0D08C38300B7A737 /* UIKit.framework */; };
		284587A7254A2DF7002E0FE1 /* libInAppSettingsKit.a in Frameworks */ = {isa = PBXBuildFile; fileRef = 284587A6254A2DF7002E0FE1 /* libInAppSettingsKit.a */; };
		288765590DF743DE002DB57D /* CoreGraphics.framework in Frameworks */ = {isa = PBXBuildFile; fileRef = 288765580DF743DE002DB57D /* CoreGraphics.framework */; };
		575C01E8127CE845009FBEA2 /* MessageUI.framework in Frameworks */ = {isa = PBXBuildFile; fileRef = 575C01E7127CE845009FBEA2 /* MessageUI.framework */; };
		6A1F35EE11490727003E6295 /* Icon.png in Resources */ = {isa = PBXBuildFile; fileRef = 6A1F35ED11490727003E6295 /* Icon.png */; };
		6A9BBF591148F1DA003D97FA /* 20-gear2.png in Resources */ = {isa = PBXBuildFile; fileRef = 6A9BBF581148F1DA003D97FA /* 20-gear2.png */; };
		AA092DC915B73A0500081FBC /* settings_about.html in Resources */ = {isa = PBXBuildFile; fileRef = AA092DC415B73A0500081FBC /* settings_about.html */; };
		AA3966952464B88D00820E0C /* MainViewController.swift in Sources */ = {isa = PBXBuildFile; fileRef = AA3966942464B88D00820E0C /* MainViewController.swift */; };
		AA6508E71F790A3000724BA9 /* IASKLocalizable.strings in Resources */ = {isa = PBXBuildFile; fileRef = AA1552131F79054700F2CEA1 /* IASKLocalizable.strings */; };
		AAA468D8125CD9680057A662 /* CustomSubviewController.m in Sources */ = {isa = PBXBuildFile; fileRef = AAA468D6125CD9680057A662 /* CustomSubviewController.m */; };
		AAA468D9125CD9680057A662 /* CustomSubviewController.xib in Resources */ = {isa = PBXBuildFile; fileRef = AAA468D7125CD9680057A662 /* CustomSubviewController.xib */; };
		AAA53E8F15B057FD00C6558B /* 20-gear2Highlighted.png in Resources */ = {isa = PBXBuildFile; fileRef = AAA53E8E15B057FD00C6558B /* 20-gear2Highlighted.png */; };
		AAA8D0C422C14BD700631015 /* Settings.bundle in Resources */ = {isa = PBXBuildFile; fileRef = AAA8D0C322C14BD700631015 /* Settings.bundle */; };
		AAAB97DC246203DF00C34803 /* Main.storyboard in Resources */ = {isa = PBXBuildFile; fileRef = AAAB97DE246203DF00C34803 /* Main.storyboard */; };
		AAB8389B12846D110042FF80 /* CustomViewCell.xib in Resources */ = {isa = PBXBuildFile; fileRef = AAB8389A12846D110042FF80 /* CustomViewCell.xib */; };
		AAB838A012846D850042FF80 /* CustomViewCell.m in Sources */ = {isa = PBXBuildFile; fileRef = AAB8389F12846D850042FF80 /* CustomViewCell.m */; };
		AAF478871A239A1A000A0A74 /* Launch.xib in Resources */ = {isa = PBXBuildFile; fileRef = AAF478861A239A1A000A0A74 /* Launch.xib */; };
		E42ADAEB1682057B00295D85 /* Default-568h@2x.png in Resources */ = {isa = PBXBuildFile; fileRef = E42ADAEA1682057B00295D85 /* Default-568h@2x.png */; };
		E459FF8722C4B919002DBB60 /* Images.xcassets in Resources */ = {isa = PBXBuildFile; fileRef = E459FF8622C4B919002DBB60 /* Images.xcassets */; };
		FB81CA08155BC7C900CEF887 /* facebook.png in Resources */ = {isa = PBXBuildFile; fileRef = FB81CA04155BC7C900CEF887 /* facebook.png */; };
		FB81CA09155BC7C900CEF887 /* facebook@2x.png in Resources */ = {isa = PBXBuildFile; fileRef = FB81CA05155BC7C900CEF887 /* facebook@2x.png */; };
		FB81CA0A155BC7C900CEF887 /* twitter.png in Resources */ = {isa = PBXBuildFile; fileRef = FB81CA06155BC7C900CEF887 /* twitter.png */; };
		FB81CA0B155BC7C900CEF887 /* twitter@2x.png in Resources */ = {isa = PBXBuildFile; fileRef = FB81CA07155BC7C900CEF887 /* twitter@2x.png */; };
/* End PBXBuildFile section */

/* Begin PBXFileReference section */
		1D30AB110D05D00D00671497 /* Foundation.framework */ = {isa = PBXFileReference; lastKnownFileType = wrapper.framework; name = Foundation.framework; path = System/Library/Frameworks/Foundation.framework; sourceTree = SDKROOT; };
		1D3623240D0F684500981E51 /* InAppSettingsKitSampleAppAppDelegate.h */ = {isa = PBXFileReference; fileEncoding = 4; lastKnownFileType = sourcecode.c.h; path = InAppSettingsKitSampleAppAppDelegate.h; sourceTree = "<group>"; };
		1D3623250D0F684500981E51 /* InAppSettingsKitSampleAppAppDelegate.m */ = {isa = PBXFileReference; fileEncoding = 4; lastKnownFileType = sourcecode.c.objc; path = InAppSettingsKitSampleAppAppDelegate.m; sourceTree = "<group>"; };
		1D6058910D05DD3D006BFB54 /* In App Settings Kit.app */ = {isa = PBXFileReference; explicitFileType = wrapper.application; includeInIndex = 0; path = "In App Settings Kit.app"; sourceTree = BUILT_PRODUCTS_DIR; };
		1DF5F4DF0D08C38300B7A737 /* UIKit.framework */ = {isa = PBXFileReference; lastKnownFileType = wrapper.framework; name = UIKit.framework; path = System/Library/Frameworks/UIKit.framework; sourceTree = SDKROOT; };
		28458796254A2CB9002E0FE1 /* libInAppSettingsKit.a */ = {isa = PBXFileReference; explicitFileType = archive.ar; path = libInAppSettingsKit.a; sourceTree = BUILT_PRODUCTS_DIR; };
		2845879E254A2CCF002E0FE1 /* InAppSettingsKit.framework */ = {isa = PBXFileReference; explicitFileType = wrapper.framework; path = InAppSettingsKit.framework; sourceTree = BUILT_PRODUCTS_DIR; };
		284587A6254A2DF7002E0FE1 /* libInAppSettingsKit.a */ = {isa = PBXFileReference; explicitFileType = archive.ar; path = libInAppSettingsKit.a; sourceTree = BUILT_PRODUCTS_DIR; };
		288765580DF743DE002DB57D /* CoreGraphics.framework */ = {isa = PBXFileReference; lastKnownFileType = wrapper.framework; name = CoreGraphics.framework; path = System/Library/Frameworks/CoreGraphics.framework; sourceTree = SDKROOT; };
		289233A80DB2D0DB0083E9F9 /* MainViewController.h */ = {isa = PBXFileReference; fileEncoding = 4; lastKnownFileType = sourcecode.c.h; name = MainViewController.h; path = Classes/MainViewController.h; sourceTree = "<group>"; };
		289233A90DB2D0DB0083E9F9 /* MainViewController.m */ = {isa = PBXFileReference; fileEncoding = 4; lastKnownFileType = sourcecode.c.objc; name = MainViewController.m; path = Classes/MainViewController.m; sourceTree = "<group>"; };
		29B97316FDCFA39411CA2CEA /* main.m */ = {isa = PBXFileReference; fileEncoding = 4; lastKnownFileType = sourcecode.c.objc; path = main.m; sourceTree = "<group>"; };
		32CA4F630368D1EE00C91783 /* InAppSettingsKitSampleApp_Prefix.pch */ = {isa = PBXFileReference; fileEncoding = 4; lastKnownFileType = sourcecode.c.h; path = InAppSettingsKitSampleApp_Prefix.pch; sourceTree = "<group>"; };
		575C01E7127CE845009FBEA2 /* MessageUI.framework */ = {isa = PBXFileReference; lastKnownFileType = wrapper.framework; name = MessageUI.framework; path = System/Library/Frameworks/MessageUI.framework; sourceTree = SDKROOT; };
		6A1F35ED11490727003E6295 /* Icon.png */ = {isa = PBXFileReference; lastKnownFileType = image.png; path = Icon.png; sourceTree = "<group>"; };
		6A9BBF581148F1DA003D97FA /* 20-gear2.png */ = {isa = PBXFileReference; lastKnownFileType = image.png; path = "20-gear2.png"; sourceTree = "<group>"; };
		8D1107310486CEB800E47090 /* InAppSettingsKitSampleApp-Info.plist */ = {isa = PBXFileReference; fileEncoding = 4; lastKnownFileType = text.plist.xml; path = "InAppSettingsKitSampleApp-Info.plist"; plistStructureDefinitionIdentifier = "com.apple.xcode.plist.structure-definition.iphone.info-plist"; sourceTree = "<group>"; };
		AA1552141F79054700F2CEA1 /* ja */ = {isa = PBXFileReference; lastKnownFileType = text.plist.strings; name = ja; path = ../InAppSettingsKit/Resources/ja.lproj/IASKLocalizable.strings; sourceTree = "<group>"; };
		AA1552151F79054700F2CEA1 /* ru */ = {isa = PBXFileReference; lastKnownFileType = text.plist.strings; name = ru; path = ../InAppSettingsKit/Resources/ru.lproj/IASKLocalizable.strings; sourceTree = "<group>"; };
		AA1552161F79054700F2CEA1 /* sv */ = {isa = PBXFileReference; lastKnownFileType = text.plist.strings; name = sv; path = ../InAppSettingsKit/Resources/sv.lproj/IASKLocalizable.strings; sourceTree = "<group>"; };
		AA1552171F79054700F2CEA1 /* nb */ = {isa = PBXFileReference; lastKnownFileType = text.plist.strings; name = nb; path = ../InAppSettingsKit/Resources/nb.lproj/IASKLocalizable.strings; sourceTree = "<group>"; };
		AA1552181F79054700F2CEA1 /* tr */ = {isa = PBXFileReference; lastKnownFileType = text.plist.strings; name = tr; path = ../InAppSettingsKit/Resources/tr.lproj/IASKLocalizable.strings; sourceTree = "<group>"; };
		AA1552191F79054700F2CEA1 /* es */ = {isa = PBXFileReference; lastKnownFileType = text.plist.strings; name = es; path = ../InAppSettingsKit/Resources/es.lproj/IASKLocalizable.strings; sourceTree = "<group>"; };
		AA15521A1F79054700F2CEA1 /* hr */ = {isa = PBXFileReference; lastKnownFileType = text.plist.strings; name = hr; path = ../InAppSettingsKit/Resources/hr.lproj/IASKLocalizable.strings; sourceTree = "<group>"; };
		AA15521B1F79054700F2CEA1 /* zh-Hans */ = {isa = PBXFileReference; lastKnownFileType = text.plist.strings; name = "zh-Hans"; path = "../InAppSettingsKit/Resources/zh-Hans.lproj/IASKLocalizable.strings"; sourceTree = "<group>"; };
		AA15521C1F79054700F2CEA1 /* pt */ = {isa = PBXFileReference; lastKnownFileType = text.plist.strings; name = pt; path = ../InAppSettingsKit/Resources/pt.lproj/IASKLocalizable.strings; sourceTree = "<group>"; };
		AA15521D1F79054700F2CEA1 /* el */ = {isa = PBXFileReference; lastKnownFileType = text.plist.strings; name = el; path = ../InAppSettingsKit/Resources/el.lproj/IASKLocalizable.strings; sourceTree = "<group>"; };
		AA15521E1F79054700F2CEA1 /* th */ = {isa = PBXFileReference; lastKnownFileType = text.plist.strings; name = th; path = ../InAppSettingsKit/Resources/th.lproj/IASKLocalizable.strings; sourceTree = "<group>"; };
		AA15521F1F79054700F2CEA1 /* pl */ = {isa = PBXFileReference; lastKnownFileType = text.plist.strings; name = pl; path = ../InAppSettingsKit/Resources/pl.lproj/IASKLocalizable.strings; sourceTree = "<group>"; };
		AA1552201F79054700F2CEA1 /* en */ = {isa = PBXFileReference; lastKnownFileType = text.plist.strings; name = en; path = ../InAppSettingsKit/Resources/en.lproj/IASKLocalizable.strings; sourceTree = "<group>"; };
		AA1552211F79054700F2CEA1 /* hu */ = {isa = PBXFileReference; lastKnownFileType = text.plist.strings; name = hu; path = ../InAppSettingsKit/Resources/hu.lproj/IASKLocalizable.strings; sourceTree = "<group>"; };
		AA1552221F79054700F2CEA1 /* it */ = {isa = PBXFileReference; lastKnownFileType = text.plist.strings; name = it; path = ../InAppSettingsKit/Resources/it.lproj/IASKLocalizable.strings; sourceTree = "<group>"; };
		AA1552231F79054700F2CEA1 /* fr */ = {isa = PBXFileReference; lastKnownFileType = text.plist.strings; name = fr; path = ../InAppSettingsKit/Resources/fr.lproj/IASKLocalizable.strings; sourceTree = "<group>"; };
		AA1552241F79054700F2CEA1 /* Base */ = {isa = PBXFileReference; lastKnownFileType = text.plist.strings; name = Base; path = ../InAppSettingsKit/Resources/Base.lproj/IASKLocalizable.strings; sourceTree = "<group>"; };
		AA1552251F79054700F2CEA1 /* nl */ = {isa = PBXFileReference; lastKnownFileType = text.plist.strings; name = nl; path = ../InAppSettingsKit/Resources/nl.lproj/IASKLocalizable.strings; sourceTree = "<group>"; };
		AA1552261F79054700F2CEA1 /* de */ = {isa = PBXFileReference; lastKnownFileType = text.plist.strings; name = de; path = ../InAppSettingsKit/Resources/de.lproj/IASKLocalizable.strings; sourceTree = "<group>"; };
		AA1552271F79054700F2CEA1 /* uk */ = {isa = PBXFileReference; lastKnownFileType = text.plist.strings; name = uk; path = ../InAppSettingsKit/Resources/uk.lproj/IASKLocalizable.strings; sourceTree = "<group>"; };
		AA1552281F79054700F2CEA1 /* es-MX */ = {isa = PBXFileReference; lastKnownFileType = text.plist.strings; name = "es-MX"; path = "../InAppSettingsKit/Resources/es-MX.lproj/IASKLocalizable.strings"; sourceTree = "<group>"; };
		AA1552291F79054700F2CEA1 /* zh-Hant */ = {isa = PBXFileReference; lastKnownFileType = text.plist.strings; name = "zh-Hant"; path = "../InAppSettingsKit/Resources/zh-Hant.lproj/IASKLocalizable.strings"; sourceTree = "<group>"; };
		AA15522A1F79054700F2CEA1 /* ca */ = {isa = PBXFileReference; lastKnownFileType = text.plist.strings; name = ca; path = ../InAppSettingsKit/Resources/ca.lproj/IASKLocalizable.strings; sourceTree = "<group>"; };
		AA3966932464B88C00820E0C /* IASKSampleAppStaticLibrary-Bridging-Header.h */ = {isa = PBXFileReference; lastKnownFileType = sourcecode.c.h; path = "IASKSampleAppStaticLibrary-Bridging-Header.h"; sourceTree = "<group>"; };
		AA3966942464B88D00820E0C /* MainViewController.swift */ = {isa = PBXFileReference; lastKnownFileType = sourcecode.swift; name = MainViewController.swift; path = Classes/MainViewController.swift; sourceTree = "<group>"; };
		AAA468D5125CD9680057A662 /* CustomSubviewController.h */ = {isa = PBXFileReference; fileEncoding = 4; lastKnownFileType = sourcecode.c.h; path = CustomSubviewController.h; sourceTree = "<group>"; };
		AAA468D6125CD9680057A662 /* CustomSubviewController.m */ = {isa = PBXFileReference; fileEncoding = 4; lastKnownFileType = sourcecode.c.objc; path = CustomSubviewController.m; sourceTree = "<group>"; };
		AAA468D7125CD9680057A662 /* CustomSubviewController.xib */ = {isa = PBXFileReference; lastKnownFileType = file.xib; path = CustomSubviewController.xib; sourceTree = "<group>"; };
		AAA53E8E15B057FD00C6558B /* 20-gear2Highlighted.png */ = {isa = PBXFileReference; lastKnownFileType = image.png; path = "20-gear2Highlighted.png"; sourceTree = "<group>"; };
		AAA8D0C322C14BD700631015 /* Settings.bundle */ = {isa = PBXFileReference; lastKnownFileType = "wrapper.plug-in"; path = Settings.bundle; sourceTree = "<group>"; };
		AAAB97DD246203DF00C34803 /* Base */ = {isa = PBXFileReference; lastKnownFileType = file.storyboard; name = Base; path = Base.lproj/Main.storyboard; sourceTree = "<group>"; };
		AAAB97E0246203F100C34803 /* en */ = {isa = PBXFileReference; lastKnownFileType = text.plist.strings; name = en; path = en.lproj/Main.strings; sourceTree = "<group>"; };
		AAAB97E2246203F900C34803 /* de */ = {isa = PBXFileReference; lastKnownFileType = text.plist.strings; name = de; path = de.lproj/Main.strings; sourceTree = "<group>"; };
		AAAB97E4246203FE00C34803 /* fr */ = {isa = PBXFileReference; lastKnownFileType = text.plist.strings; name = fr; path = fr.lproj/Main.strings; sourceTree = "<group>"; };
		AAB8389A12846D110042FF80 /* CustomViewCell.xib */ = {isa = PBXFileReference; lastKnownFileType = file.xib; path = CustomViewCell.xib; sourceTree = "<group>"; };
		AAB8389E12846D850042FF80 /* CustomViewCell.h */ = {isa = PBXFileReference; fileEncoding = 4; lastKnownFileType = sourcecode.c.h; path = CustomViewCell.h; sourceTree = "<group>"; };
		AAB8389F12846D850042FF80 /* CustomViewCell.m */ = {isa = PBXFileReference; fileEncoding = 4; lastKnownFileType = sourcecode.c.objc; path = CustomViewCell.m; sourceTree = "<group>"; };
		AAD676AD24D0804300A74C64 /* pt-PT */ = {isa = PBXFileReference; lastKnownFileType = text.plist.strings; name = "pt-PT"; path = "../InAppSettingsKit/Resources/pt-PT.lproj/IASKLocalizable.strings"; sourceTree = "<group>"; };
		AAF478861A239A1A000A0A74 /* Launch.xib */ = {isa = PBXFileReference; fileEncoding = 4; lastKnownFileType = file.xib; path = Launch.xib; sourceTree = "<group>"; };
		B4AF7EAD256311EE00332606 /* In App Settings Kit.entitlements */ = {isa = PBXFileReference; lastKnownFileType = text.plist.entitlements; path = "In App Settings Kit.entitlements"; sourceTree = "<group>"; };
		B4AF7EB225631AF600332606 /* Base */ = {isa = PBXFileReference; lastKnownFileType = text.html; name = Base; path = Base.lproj/settings_about.html; sourceTree = "<group>"; };
		B4AF7EB525631B7400332606 /* de */ = {isa = PBXFileReference; lastKnownFileType = text.html; name = de; path = de.lproj/settings_about.html; sourceTree = "<group>"; };
		DACD38A910598A7600AC8E51 /* Settings.bundle */ = {isa = PBXFileReference; lastKnownFileType = "wrapper.plug-in"; path = Settings.bundle; sourceTree = SOURCE_ROOT; };
		E42ADAE7168204DB00295D85 /* libInAppSettingsKit.a */ = {isa = PBXFileReference; lastKnownFileType = archive.ar; path = libInAppSettingsKit.a; sourceTree = BUILT_PRODUCTS_DIR; };
		E42ADAEA1682057B00295D85 /* Default-568h@2x.png */ = {isa = PBXFileReference; lastKnownFileType = image.png; path = "Default-568h@2x.png"; sourceTree = "<group>"; };
		E459FF8622C4B919002DBB60 /* Images.xcassets */ = {isa = PBXFileReference; lastKnownFileType = folder.assetcatalog; path = Images.xcassets; sourceTree = "<group>"; };
		E4D558DD177DC0BC00362644 /* Common.xcconfig */ = {isa = PBXFileReference; lastKnownFileType = text.xcconfig; path = Common.xcconfig; sourceTree = "<group>"; };
		E4D558DF177DC0BC00362644 /* Debug.xcconfig */ = {isa = PBXFileReference; lastKnownFileType = text.xcconfig; path = Debug.xcconfig; sourceTree = "<group>"; };
		E4D558E0177DC0BC00362644 /* Profile.xcconfig */ = {isa = PBXFileReference; lastKnownFileType = text.xcconfig; path = Profile.xcconfig; sourceTree = "<group>"; };
		E4D558E1177DC0BC00362644 /* Release.xcconfig */ = {isa = PBXFileReference; lastKnownFileType = text.xcconfig; path = Release.xcconfig; sourceTree = "<group>"; };
		E4D558E2177DC0BC00362644 /* Test.xcconfig */ = {isa = PBXFileReference; lastKnownFileType = text.xcconfig; path = Test.xcconfig; sourceTree = "<group>"; };
		E4D558E4177DC0BC00362644 /* Application.xcconfig */ = {isa = PBXFileReference; lastKnownFileType = text.xcconfig; path = Application.xcconfig; sourceTree = "<group>"; };
		E4D558E5177DC0BC00362644 /* StaticLibrary.xcconfig */ = {isa = PBXFileReference; lastKnownFileType = text.xcconfig; path = StaticLibrary.xcconfig; sourceTree = "<group>"; };
		E4D558E7177DC0BC00362644 /* iOS-Application.xcconfig */ = {isa = PBXFileReference; lastKnownFileType = text.xcconfig; path = "iOS-Application.xcconfig"; sourceTree = "<group>"; };
		E4D558E8177DC0BC00362644 /* iOS-Base.xcconfig */ = {isa = PBXFileReference; lastKnownFileType = text.xcconfig; path = "iOS-Base.xcconfig"; sourceTree = "<group>"; };
		E4D558E9177DC0BC00362644 /* iOS-StaticLibrary.xcconfig */ = {isa = PBXFileReference; lastKnownFileType = text.xcconfig; path = "iOS-StaticLibrary.xcconfig"; sourceTree = "<group>"; };
		E4D558EB177DC0BC00362644 /* Mac-Application.xcconfig */ = {isa = PBXFileReference; lastKnownFileType = text.xcconfig; path = "Mac-Application.xcconfig"; sourceTree = "<group>"; };
		E4D558EC177DC0BC00362644 /* Mac-Base.xcconfig */ = {isa = PBXFileReference; lastKnownFileType = text.xcconfig; path = "Mac-Base.xcconfig"; sourceTree = "<group>"; };
		E4D558ED177DC0BC00362644 /* Mac-DynamicLibrary.xcconfig */ = {isa = PBXFileReference; lastKnownFileType = text.xcconfig; path = "Mac-DynamicLibrary.xcconfig"; sourceTree = "<group>"; };
		E4D558EE177DC0BC00362644 /* Mac-Framework.xcconfig */ = {isa = PBXFileReference; lastKnownFileType = text.xcconfig; path = "Mac-Framework.xcconfig"; sourceTree = "<group>"; };
		E4D558EF177DC0BC00362644 /* Mac-StaticLibrary.xcconfig */ = {isa = PBXFileReference; lastKnownFileType = text.xcconfig; path = "Mac-StaticLibrary.xcconfig"; sourceTree = "<group>"; };
		E4D558F0177DC0BC00362644 /* README.md */ = {isa = PBXFileReference; lastKnownFileType = text; path = README.md; sourceTree = "<group>"; };
		FB81CA04155BC7C900CEF887 /* facebook.png */ = {isa = PBXFileReference; lastKnownFileType = image.png; path = facebook.png; sourceTree = "<group>"; };
		FB81CA05155BC7C900CEF887 /* facebook@2x.png */ = {isa = PBXFileReference; lastKnownFileType = image.png; path = "facebook@2x.png"; sourceTree = "<group>"; };
		FB81CA06155BC7C900CEF887 /* twitter.png */ = {isa = PBXFileReference; lastKnownFileType = image.png; path = twitter.png; sourceTree = "<group>"; };
		FB81CA07155BC7C900CEF887 /* twitter@2x.png */ = {isa = PBXFileReference; lastKnownFileType = image.png; path = "twitter@2x.png"; sourceTree = "<group>"; };
/* End PBXFileReference section */

/* Begin PBXFrameworksBuildPhase section */
		1D60588F0D05DD3D006BFB54 /* Frameworks */ = {
			isa = PBXFrameworksBuildPhase;
			buildActionMask = 2147483647;
			files = (
				1D60589F0D05DD5A006BFB54 /* Foundation.framework in Frameworks */,
				1DF5F4E00D08C38300B7A737 /* UIKit.framework in Frameworks */,
				288765590DF743DE002DB57D /* CoreGraphics.framework in Frameworks */,
				575C01E8127CE845009FBEA2 /* MessageUI.framework in Frameworks */,
				284587A7254A2DF7002E0FE1 /* libInAppSettingsKit.a in Frameworks */,
			);
			runOnlyForDeploymentPostprocessing = 0;
		};
/* End PBXFrameworksBuildPhase section */

/* Begin PBXGroup section */
		080E96DDFE201D6D7F000001 /* Application Delegate */ = {
			isa = PBXGroup;
			children = (
				1D3623240D0F684500981E51 /* InAppSettingsKitSampleAppAppDelegate.h */,
				1D3623250D0F684500981E51 /* InAppSettingsKitSampleAppAppDelegate.m */,
			);
			name = "Application Delegate";
			path = Classes;
			sourceTree = "<group>";
		};
		19C28FACFE9D520D11CA2CBB /* Products */ = {
			isa = PBXGroup;
			children = (
				DACD38A910598A7600AC8E51 /* Settings.bundle */,
				1D6058910D05DD3D006BFB54 /* In App Settings Kit.app */,
			);
			name = Products;
			sourceTree = "<group>";
		};
		289233A00DB2D0730083E9F9 /* Main View */ = {
			isa = PBXGroup;
			children = (
				289233A80DB2D0DB0083E9F9 /* MainViewController.h */,
				AA3966942464B88D00820E0C /* MainViewController.swift */,
				289233A90DB2D0DB0083E9F9 /* MainViewController.m */,
				AAA468D5125CD9680057A662 /* CustomSubviewController.h */,
				AAA468D6125CD9680057A662 /* CustomSubviewController.m */,
				AAB8389E12846D850042FF80 /* CustomViewCell.h */,
				AAB8389F12846D850042FF80 /* CustomViewCell.m */,
				AA3966932464B88C00820E0C /* IASKSampleAppStaticLibrary-Bridging-Header.h */,
			);
			name = "Main View";
			sourceTree = "<group>";
		};
		29B97314FDCFA39411CA2CEA /* CustomTemplate */ = {
			isa = PBXGroup;
			children = (
				B4AF7EAD256311EE00332606 /* In App Settings Kit.entitlements */,
				289233A00DB2D0730083E9F9 /* Main View */,
				080E96DDFE201D6D7F000001 /* Application Delegate */,
				29B97315FDCFA39411CA2CEA /* Other Sources */,
				29B97317FDCFA39411CA2CEA /* Resources */,
				E42ADAE9168204E300295D85 /* Workspace Dependencies */,
				E4D558DB177DC0BC00362644 /* Configurations */,
				29B97323FDCFA39411CA2CEA /* Frameworks */,
				19C28FACFE9D520D11CA2CBB /* Products */,
			);
			name = CustomTemplate;
			sourceTree = "<group>";
			usesTabs = 1;
		};
		29B97315FDCFA39411CA2CEA /* Other Sources */ = {
			isa = PBXGroup;
			children = (
				32CA4F630368D1EE00C91783 /* InAppSettingsKitSampleApp_Prefix.pch */,
				29B97316FDCFA39411CA2CEA /* main.m */,
			);
			name = "Other Sources";
			sourceTree = "<group>";
		};
		29B97317FDCFA39411CA2CEA /* Resources */ = {
			isa = PBXGroup;
			children = (
				AAA8D0C322C14BD700631015 /* Settings.bundle */,
				AA1552131F79054700F2CEA1 /* IASKLocalizable.strings */,
				AA092DC415B73A0500081FBC /* settings_about.html */,
				E459FF8622C4B919002DBB60 /* Images.xcassets */,
				E42ADAEF1682072200295D85 /* LaunchImages */,
				FB81CA03155BC7C900CEF887 /* Images */,
				6A1F35ED11490727003E6295 /* Icon.png */,
				6A9BBF581148F1DA003D97FA /* 20-gear2.png */,
				AAA53E8E15B057FD00C6558B /* 20-gear2Highlighted.png */,
				8D1107310486CEB800E47090 /* InAppSettingsKitSampleApp-Info.plist */,
				AAAB97DE246203DF00C34803 /* Main.storyboard */,
				AAA468D7125CD9680057A662 /* CustomSubviewController.xib */,
				AAB8389A12846D110042FF80 /* CustomViewCell.xib */,
				AAF478861A239A1A000A0A74 /* Launch.xib */,
			);
			name = Resources;
			sourceTree = "<group>";
		};
		29B97323FDCFA39411CA2CEA /* Frameworks */ = {
			isa = PBXGroup;
			children = (
				284587A6254A2DF7002E0FE1 /* libInAppSettingsKit.a */,
				2845879E254A2CCF002E0FE1 /* InAppSettingsKit.framework */,
				28458796254A2CB9002E0FE1 /* libInAppSettingsKit.a */,
				1DF5F4DF0D08C38300B7A737 /* UIKit.framework */,
				1D30AB110D05D00D00671497 /* Foundation.framework */,
				288765580DF743DE002DB57D /* CoreGraphics.framework */,
				575C01E7127CE845009FBEA2 /* MessageUI.framework */,
			);
			name = Frameworks;
			sourceTree = "<group>";
		};
		E42ADAE9168204E300295D85 /* Workspace Dependencies */ = {
			isa = PBXGroup;
			children = (
				E42ADAE7168204DB00295D85 /* libInAppSettingsKit.a */,
			);
			name = "Workspace Dependencies";
			sourceTree = "<group>";
		};
		E42ADAEF1682072200295D85 /* LaunchImages */ = {
			isa = PBXGroup;
			children = (
				E42ADAEA1682057B00295D85 /* Default-568h@2x.png */,
			);
			name = LaunchImages;
			sourceTree = "<group>";
		};
		E4D558DB177DC0BC00362644 /* Configurations */ = {
			isa = PBXGroup;
			children = (
				E4D558DC177DC0BC00362644 /* Base */,
				E4D558E6177DC0BC00362644 /* iOS */,
				E4D558EA177DC0BC00362644 /* Mac OS X */,
				E4D558F0177DC0BC00362644 /* README.md */,
			);
			name = Configurations;
			path = ../Configurations;
			sourceTree = "<group>";
		};
		E4D558DC177DC0BC00362644 /* Base */ = {
			isa = PBXGroup;
			children = (
				E4D558DD177DC0BC00362644 /* Common.xcconfig */,
				E4D558DE177DC0BC00362644 /* Configurations */,
				E4D558E3177DC0BC00362644 /* Targets */,
			);
			path = Base;
			sourceTree = "<group>";
		};
		E4D558DE177DC0BC00362644 /* Configurations */ = {
			isa = PBXGroup;
			children = (
				E4D558DF177DC0BC00362644 /* Debug.xcconfig */,
				E4D558E0177DC0BC00362644 /* Profile.xcconfig */,
				E4D558E1177DC0BC00362644 /* Release.xcconfig */,
				E4D558E2177DC0BC00362644 /* Test.xcconfig */,
			);
			path = Configurations;
			sourceTree = "<group>";
		};
		E4D558E3177DC0BC00362644 /* Targets */ = {
			isa = PBXGroup;
			children = (
				E4D558E4177DC0BC00362644 /* Application.xcconfig */,
				E4D558E5177DC0BC00362644 /* StaticLibrary.xcconfig */,
			);
			path = Targets;
			sourceTree = "<group>";
		};
		E4D558E6177DC0BC00362644 /* iOS */ = {
			isa = PBXGroup;
			children = (
				E4D558E7177DC0BC00362644 /* iOS-Application.xcconfig */,
				E4D558E8177DC0BC00362644 /* iOS-Base.xcconfig */,
				E4D558E9177DC0BC00362644 /* iOS-StaticLibrary.xcconfig */,
			);
			path = iOS;
			sourceTree = "<group>";
		};
		E4D558EA177DC0BC00362644 /* Mac OS X */ = {
			isa = PBXGroup;
			children = (
				E4D558EB177DC0BC00362644 /* Mac-Application.xcconfig */,
				E4D558EC177DC0BC00362644 /* Mac-Base.xcconfig */,
				E4D558ED177DC0BC00362644 /* Mac-DynamicLibrary.xcconfig */,
				E4D558EE177DC0BC00362644 /* Mac-Framework.xcconfig */,
				E4D558EF177DC0BC00362644 /* Mac-StaticLibrary.xcconfig */,
			);
			path = "Mac OS X";
			sourceTree = "<group>";
		};
		FB81CA03155BC7C900CEF887 /* Images */ = {
			isa = PBXGroup;
			children = (
				FB81CA04155BC7C900CEF887 /* facebook.png */,
				FB81CA05155BC7C900CEF887 /* facebook@2x.png */,
				FB81CA06155BC7C900CEF887 /* twitter.png */,
				FB81CA07155BC7C900CEF887 /* twitter@2x.png */,
			);
			path = Images;
			sourceTree = "<group>";
		};
/* End PBXGroup section */

/* Begin PBXNativeTarget section */
		1D6058900D05DD3D006BFB54 /* IASKSampleAppStaticLibrary */ = {
			isa = PBXNativeTarget;
			buildConfigurationList = 1D6058960D05DD3E006BFB54 /* Build configuration list for PBXNativeTarget "IASKSampleAppStaticLibrary" */;
			buildPhases = (
				1D60588D0D05DD3D006BFB54 /* Resources */,
				1D60588E0D05DD3D006BFB54 /* Sources */,
				1D60588F0D05DD3D006BFB54 /* Frameworks */,
			);
			buildRules = (
			);
			dependencies = (
			);
			name = IASKSampleAppStaticLibrary;
			productName = InAppSettingsKitSampleApp;
			productReference = 1D6058910D05DD3D006BFB54 /* In App Settings Kit.app */;
			productType = "com.apple.product-type.application";
		};
/* End PBXNativeTarget section */

/* Begin PBXProject section */
		29B97313FDCFA39411CA2CEA /* Project object */ = {
			isa = PBXProject;
			attributes = {
				LastTestingUpgradeCheck = 0610;
				LastUpgradeCheck = 1230;
				TargetAttributes = {
					1D6058900D05DD3D006BFB54 = {
						LastSwiftMigration = 1150;
					};
				};
			};
			buildConfigurationList = C01FCF4E08A954540054247B /* Build configuration list for PBXProject "IASKSampleApp" */;
			compatibilityVersion = "Xcode 3.2";
			developmentRegion = en;
			hasScannedForEncodings = 1;
			knownRegions = (
				en,
				de,
				ja,
				fr,
				Base,
				tr,
				uk,
				nb,
				"pt-PT",
				ru,
				sv,
				"es-MX",
				hr,
				"zh-Hant",
				hu,
				pt,
				"zh-Hans",
				el,
				es,
				ca,
				it,
				nl,
				pl,
				th,
			);
			mainGroup = 29B97314FDCFA39411CA2CEA /* CustomTemplate */;
			projectDirPath = "";
			projectRoot = "";
			targets = (
				1D6058900D05DD3D006BFB54 /* IASKSampleAppStaticLibrary */,
			);
		};
/* End PBXProject section */

/* Begin PBXResourcesBuildPhase section */
		1D60588D0D05DD3D006BFB54 /* Resources */ = {
			isa = PBXResourcesBuildPhase;
			buildActionMask = 2147483647;
			files = (
				6A9BBF591148F1DA003D97FA /* 20-gear2.png in Resources */,
				6A1F35EE11490727003E6295 /* Icon.png in Resources */,
				AAA468D9125CD9680057A662 /* CustomSubviewController.xib in Resources */,
				AAF478871A239A1A000A0A74 /* Launch.xib in Resources */,
				AAB8389B12846D110042FF80 /* CustomViewCell.xib in Resources */,
				FB81CA08155BC7C900CEF887 /* facebook.png in Resources */,
				FB81CA09155BC7C900CEF887 /* facebook@2x.png in Resources */,
				E459FF8722C4B919002DBB60 /* Images.xcassets in Resources */,
				AA6508E71F790A3000724BA9 /* IASKLocalizable.strings in Resources */,
				FB81CA0A155BC7C900CEF887 /* twitter.png in Resources */,
				FB81CA0B155BC7C900CEF887 /* twitter@2x.png in Resources */,
				AAA53E8F15B057FD00C6558B /* 20-gear2Highlighted.png in Resources */,
				AA092DC915B73A0500081FBC /* settings_about.html in Resources */,
				AAAB97DC246203DF00C34803 /* Main.storyboard in Resources */,
				AAA8D0C422C14BD700631015 /* Settings.bundle in Resources */,
				E42ADAEB1682057B00295D85 /* Default-568h@2x.png in Resources */,
			);
			runOnlyForDeploymentPostprocessing = 0;
		};
/* End PBXResourcesBuildPhase section */

/* Begin PBXSourcesBuildPhase section */
		1D60588E0D05DD3D006BFB54 /* Sources */ = {
			isa = PBXSourcesBuildPhase;
			buildActionMask = 2147483647;
			files = (
				1D60589B0D05DD56006BFB54 /* main.m in Sources */,
				1D3623260D0F684500981E51 /* InAppSettingsKitSampleAppAppDelegate.m in Sources */,
				AA3966952464B88D00820E0C /* MainViewController.swift in Sources */,
				AAA468D8125CD9680057A662 /* CustomSubviewController.m in Sources */,
				AAB838A012846D850042FF80 /* CustomViewCell.m in Sources */,
			);
			runOnlyForDeploymentPostprocessing = 0;
		};
/* End PBXSourcesBuildPhase section */

/* Begin PBXVariantGroup section */
		AA092DC415B73A0500081FBC /* settings_about.html */ = {
			isa = PBXVariantGroup;
			children = (
				B4AF7EB225631AF600332606 /* Base */,
				B4AF7EB525631B7400332606 /* de */,
			);
			name = settings_about.html;
			sourceTree = "<group>";
		};
		AA1552131F79054700F2CEA1 /* IASKLocalizable.strings */ = {
			isa = PBXVariantGroup;
			children = (
				AA1552141F79054700F2CEA1 /* ja */,
				AA1552151F79054700F2CEA1 /* ru */,
				AA1552161F79054700F2CEA1 /* sv */,
				AA1552171F79054700F2CEA1 /* nb */,
				AA1552181F79054700F2CEA1 /* tr */,
				AA1552191F79054700F2CEA1 /* es */,
				AA15521A1F79054700F2CEA1 /* hr */,
				AA15521B1F79054700F2CEA1 /* zh-Hans */,
				AA15521C1F79054700F2CEA1 /* pt */,
				AA15521D1F79054700F2CEA1 /* el */,
				AA15521E1F79054700F2CEA1 /* th */,
				AA15521F1F79054700F2CEA1 /* pl */,
				AA1552201F79054700F2CEA1 /* en */,
				AA1552211F79054700F2CEA1 /* hu */,
				AA1552221F79054700F2CEA1 /* it */,
				AA1552231F79054700F2CEA1 /* fr */,
				AA1552241F79054700F2CEA1 /* Base */,
				AA1552251F79054700F2CEA1 /* nl */,
				AA1552261F79054700F2CEA1 /* de */,
				AA1552271F79054700F2CEA1 /* uk */,
				AA1552281F79054700F2CEA1 /* es-MX */,
				AA1552291F79054700F2CEA1 /* zh-Hant */,
				AA15522A1F79054700F2CEA1 /* ca */,
				AAD676AD24D0804300A74C64 /* pt-PT */,
			);
			name = IASKLocalizable.strings;
			sourceTree = "<group>";
		};
		AAAB97DE246203DF00C34803 /* Main.storyboard */ = {
			isa = PBXVariantGroup;
			children = (
				AAAB97DD246203DF00C34803 /* Base */,
				AAAB97E0246203F100C34803 /* en */,
				AAAB97E2246203F900C34803 /* de */,
				AAAB97E4246203FE00C34803 /* fr */,
			);
			name = Main.storyboard;
			sourceTree = "<group>";
		};
/* End PBXVariantGroup section */

/* Begin XCBuildConfiguration section */
		1D6058940D05DD3E006BFB54 /* Debug */ = {
			isa = XCBuildConfiguration;
			baseConfigurationReference = E4D558E7177DC0BC00362644 /* iOS-Application.xcconfig */;
			buildSettings = {
				ASSETCATALOG_COMPILER_APPICON_NAME = AppIcon;
				CLANG_ENABLE_MODULES = YES;
				CODE_SIGN_ENTITLEMENTS = "In App Settings Kit.entitlements";
				"CODE_SIGN_IDENTITY[sdk=macosx*]" = "-";
				DEVELOPMENT_TEAM = "";
				GCC_PREFIX_HEADER = InAppSettingsKitSampleApp_Prefix.pch;
				INFOPLIST_FILE = "InAppSettingsKitSampleApp-Info.plist";
				IPHONEOS_DEPLOYMENT_TARGET = 9.0;
				"IPHONEOS_DEPLOYMENT_TARGET[sdk=macosx*]" = 13.1;
				LD_RUNPATH_SEARCH_PATHS = "$(inherited) @executable_path/Frameworks";
				MARKETING_VERSION = 1;
				PRODUCT_BUNDLE_IDENTIFIER = "com.inappsettingskit.$(PRODUCT_NAME:rfc1034identifier)";
				SUPPORTS_MACCATALYST = YES;
				SWIFT_OBJC_BRIDGING_HEADER = "IASKSampleAppStaticLibrary-Bridging-Header.h";
				SWIFT_OPTIMIZATION_LEVEL = "-Onone";
				SWIFT_VERSION = 5.0;
				TARGETED_DEVICE_FAMILY = "1,2";
			};
			name = Debug;
		};
		1D6058950D05DD3E006BFB54 /* Release */ = {
			isa = XCBuildConfiguration;
			baseConfigurationReference = E4D558E7177DC0BC00362644 /* iOS-Application.xcconfig */;
			buildSettings = {
				ASSETCATALOG_COMPILER_APPICON_NAME = AppIcon;
				CLANG_ENABLE_MODULES = YES;
				CODE_SIGN_ENTITLEMENTS = "In App Settings Kit.entitlements";
				DEVELOPMENT_TEAM = "";
				GCC_PREFIX_HEADER = InAppSettingsKitSampleApp_Prefix.pch;
				INFOPLIST_FILE = "InAppSettingsKitSampleApp-Info.plist";
				IPHONEOS_DEPLOYMENT_TARGET = 9.0;
				"IPHONEOS_DEPLOYMENT_TARGET[sdk=macosx*]" = 13.1;
				LD_RUNPATH_SEARCH_PATHS = "$(inherited) @executable_path/Frameworks";
				MARKETING_VERSION = 1;
				PRODUCT_BUNDLE_IDENTIFIER = "com.inappsettingskit.$(PRODUCT_NAME:rfc1034identifier)";
				SUPPORTS_MACCATALYST = YES;
				SWIFT_OBJC_BRIDGING_HEADER = "IASKSampleAppStaticLibrary-Bridging-Header.h";
				SWIFT_VERSION = 5.0;
				TARGETED_DEVICE_FAMILY = "1,2";
			};
			name = Release;
		};
		C01FCF4F08A954540054247B /* Debug */ = {
			isa = XCBuildConfiguration;
			baseConfigurationReference = E4D558DF177DC0BC00362644 /* Debug.xcconfig */;
			buildSettings = {
				CLANG_ANALYZER_LOCALIZABILITY_NONLOCALIZED = YES;
				CLANG_WARN_BLOCK_CAPTURE_AUTORELEASING = YES;
				CLANG_WARN_COMMA = YES;
				CLANG_WARN_CONSTANT_CONVERSION = YES;
				CLANG_WARN_ENUM_CONVERSION = YES;
				CLANG_WARN_INT_CONVERSION = YES;
				CLANG_WARN_RANGE_LOOP_ANALYSIS = YES;
				CLANG_WARN_STRICT_PROTOTYPES = YES;
				CLANG_WARN_UNREACHABLE_CODE = YES;
				CLANG_WARN__DUPLICATE_METHOD_MATCH = YES;
				"CODE_SIGN_IDENTITY[sdk=iphoneos*]" = "iPhone Developer";
				ENABLE_STRICT_OBJC_MSGSEND = YES;
				GCC_C_LANGUAGE_STANDARD = c99;
				GCC_VERSION = com.apple.compilers.llvm.clang.1_0;
				GCC_WARN_ABOUT_RETURN_TYPE = YES;
				GCC_WARN_UNINITIALIZED_AUTOS = YES;
				GCC_WARN_UNUSED_VARIABLE = YES;
				IPHONEOS_DEPLOYMENT_TARGET = 9.0;
				ONLY_ACTIVE_ARCH = YES;
				OTHER_CFLAGS = "";
				PRODUCT_NAME = "In App Settings Kit";
				SDKROOT = iphoneos;
			};
			name = Debug;
		};
		C01FCF5008A954540054247B /* Release */ = {
			isa = XCBuildConfiguration;
			baseConfigurationReference = E4D558E1177DC0BC00362644 /* Release.xcconfig */;
			buildSettings = {
				CLANG_ANALYZER_LOCALIZABILITY_NONLOCALIZED = YES;
				CLANG_WARN_BLOCK_CAPTURE_AUTORELEASING = YES;
				CLANG_WARN_COMMA = YES;
				CLANG_WARN_CONSTANT_CONVERSION = YES;
				CLANG_WARN_ENUM_CONVERSION = YES;
				CLANG_WARN_INT_CONVERSION = YES;
				CLANG_WARN_RANGE_LOOP_ANALYSIS = YES;
				CLANG_WARN_STRICT_PROTOTYPES = YES;
				CLANG_WARN_UNREACHABLE_CODE = YES;
				CLANG_WARN__DUPLICATE_METHOD_MATCH = YES;
				"CODE_SIGN_IDENTITY[sdk=iphoneos*]" = "iPhone Developer";
				ENABLE_STRICT_OBJC_MSGSEND = YES;
				GCC_C_LANGUAGE_STANDARD = c99;
				GCC_VERSION = com.apple.compilers.llvm.clang.1_0;
				GCC_WARN_ABOUT_RETURN_TYPE = YES;
				GCC_WARN_UNINITIALIZED_AUTOS = YES;
				GCC_WARN_UNUSED_VARIABLE = YES;
				IPHONEOS_DEPLOYMENT_TARGET = 9.0;
				PRODUCT_NAME = "In App Settings Kit";
				SDKROOT = iphoneos;
			};
			name = Release;
		};
/* End XCBuildConfiguration section */

/* Begin XCConfigurationList section */
		1D6058960D05DD3E006BFB54 /* Build configuration list for PBXNativeTarget "IASKSampleAppStaticLibrary" */ = {
			isa = XCConfigurationList;
			buildConfigurations = (
				1D6058940D05DD3E006BFB54 /* Debug */,
				1D6058950D05DD3E006BFB54 /* Release */,
			);
			defaultConfigurationIsVisible = 0;
			defaultConfigurationName = Release;
		};
		C01FCF4E08A954540054247B /* Build configuration list for PBXProject "IASKSampleApp" */ = {
			isa = XCConfigurationList;
			buildConfigurations = (
				C01FCF4F08A954540054247B /* Debug */,
				C01FCF5008A954540054247B /* Release */,
			);
			defaultConfigurationIsVisible = 0;
			defaultConfigurationName = Release;
		};
/* End XCConfigurationList section */
	};
	rootObject = 29B97313FDCFA39411CA2CEA /* Project object */;
}
