// !$*UTF8*$!
{
	archiveVersion = 1;
	classes = {
	};
	objectVersion = 46;
	objects = {

/* Begin PBXBuildFile section */
		1D3623260D0F684500981E51 /* InAppSettingsKitSampleAppAppDelegate.m in Sources */ = {isa = PBXBuildFile; fileRef = 1D3623250D0F684500981E51 /* InAppSettingsKitSampleAppAppDelegate.m */; };
		1D60589B0D05DD56006BFB54 /* main.m in Sources */ = {isa = PBXBuildFile; fileRef = 29B97316FDCFA39411CA2CEA /* main.m */; };
		1D60589F0D05DD5A006BFB54 /* Foundation.framework in Frameworks */ = {isa = PBXBuildFile; fileRef = 1D30AB110D05D00D00671497 /* Foundation.framework */; };
		1DF5F4E00D08C38300B7A737 /* UIKit.framework in Frameworks */ = {isa = PBXBuildFile; fileRef = 1DF5F4DF0D08C38300B7A737 /* UIKit.framework */; };
		24B21F1715B35240009F284E /* InAppSettingsKit.framework in Frameworks */ = {isa = PBXBuildFile; fileRef = 24B21F1615B35240009F284E /* InAppSettingsKit.framework */; };
		288765590DF743DE002DB57D /* CoreGraphics.framework in Frameworks */ = {isa = PBXBuildFile; fileRef = 288765580DF743DE002DB57D /* CoreGraphics.framework */; };
		289233AE0DB2D0DB0083E9F9 /* MainViewController.m in Sources */ = {isa = PBXBuildFile; fileRef = 289233A90DB2D0DB0083E9F9 /* MainViewController.m */; };
		575C01E8127CE845009FBEA2 /* MessageUI.framework in Frameworks */ = {isa = PBXBuildFile; fileRef = 575C01E7127CE845009FBEA2 /* MessageUI.framework */; };
		6A1F35EE11490727003E6295 /* Icon.png in Resources */ = {isa = PBXBuildFile; fileRef = 6A1F35ED11490727003E6295 /* Icon.png */; };
		6A9BBF591148F1DA003D97FA /* 20-gear2.png in Resources */ = {isa = PBXBuildFile; fileRef = 6A9BBF581148F1DA003D97FA /* 20-gear2.png */; };
		AA0717B4134C708F0043D610 /* MainWindow-iPad.xib in Resources */ = {isa = PBXBuildFile; fileRef = AA0717B0134C708F0043D610 /* MainWindow-iPad.xib */; };
		AA40952A1149663600C3BBFF /* Localizable.strings in Resources */ = {isa = PBXBuildFile; fileRef = AA4095291149663600C3BBFF /* Localizable.strings */; };
		AA8D0ED51136E17600EEB1C6 /* MainWindow.xib in Resources */ = {isa = PBXBuildFile; fileRef = AA8D0ED31136E17600EEB1C6 /* MainWindow.xib */; };
		AA8FA6EB12B0DBC300E7D1D1 /* settings_about.html in Resources */ = {isa = PBXBuildFile; fileRef = AA8FA6EA12B0DBC300E7D1D1 /* settings_about.html */; };
		AAA468D8125CD9680057A662 /* CustomSubviewController.m in Sources */ = {isa = PBXBuildFile; fileRef = AAA468D6125CD9680057A662 /* CustomSubviewController.m */; };
		AAA468D9125CD9680057A662 /* CustomSubviewController.xib in Resources */ = {isa = PBXBuildFile; fileRef = AAA468D7125CD9680057A662 /* CustomSubviewController.xib */; };
		AAA53E8F15B057FD00C6558B /* 20-gear2Highlighted.png in Resources */ = {isa = PBXBuildFile; fileRef = AAA53E8E15B057FD00C6558B /* 20-gear2Highlighted.png */; };
		AAB8389B12846D110042FF80 /* CustomViewCell.xib in Resources */ = {isa = PBXBuildFile; fileRef = AAB8389A12846D110042FF80 /* CustomViewCell.xib */; };
		AAB838A012846D850042FF80 /* CustomViewCell.m in Sources */ = {isa = PBXBuildFile; fileRef = AAB8389F12846D850042FF80 /* CustomViewCell.m */; };
		DACD38AA10598A7600AC8E51 /* Settings.bundle in Resources */ = {isa = PBXBuildFile; fileRef = DACD38A910598A7600AC8E51 /* Settings.bundle */; };
		FB81CA08155BC7C900CEF887 /* facebook.png in Resources */ = {isa = PBXBuildFile; fileRef = FB81CA04155BC7C900CEF887 /* facebook.png */; };
		FB81CA09155BC7C900CEF887 /* facebook@2x.png in Resources */ = {isa = PBXBuildFile; fileRef = FB81CA05155BC7C900CEF887 /* facebook@2x.png */; };
		FB81CA0A155BC7C900CEF887 /* twitter.png in Resources */ = {isa = PBXBuildFile; fileRef = FB81CA06155BC7C900CEF887 /* twitter.png */; };
		FB81CA0B155BC7C900CEF887 /* twitter@2x.png in Resources */ = {isa = PBXBuildFile; fileRef = FB81CA07155BC7C900CEF887 /* twitter@2x.png */; };
/* End PBXBuildFile section */

/* Begin PBXFileReference section */
		1D30AB110D05D00D00671497 /* Foundation.framework */ = {isa = PBXFileReference; lastKnownFileType = wrapper.framework; name = Foundation.framework; path = System/Library/Frameworks/Foundation.framework; sourceTree = SDKROOT; };
		1D3623240D0F684500981E51 /* InAppSettingsKitSampleAppAppDelegate.h */ = {isa = PBXFileReference; fileEncoding = 4; lastKnownFileType = sourcecode.c.h; path = InAppSettingsKitSampleAppAppDelegate.h; sourceTree = "<group>"; };
		1D3623250D0F684500981E51 /* InAppSettingsKitSampleAppAppDelegate.m */ = {isa = PBXFileReference; fileEncoding = 4; lastKnownFileType = sourcecode.c.objc; path = InAppSettingsKitSampleAppAppDelegate.m; sourceTree = "<group>"; };
		1D6058910D05DD3D006BFB54 /* In App Settings Kit.app */ = {isa = PBXFileReference; explicitFileType = wrapper.application; includeInIndex = 0; path = "In App Settings Kit.app"; sourceTree = BUILT_PRODUCTS_DIR; };
		1DF5F4DF0D08C38300B7A737 /* UIKit.framework */ = {isa = PBXFileReference; lastKnownFileType = wrapper.framework; name = UIKit.framework; path = System/Library/Frameworks/UIKit.framework; sourceTree = SDKROOT; };
		24B21F1615B35240009F284E /* InAppSettingsKit.framework */ = {isa = PBXFileReference; lastKnownFileType = wrapper.framework; name = InAppSettingsKit.framework; path = "../../../../../Library/Developer/Xcode/DerivedData/InAppSettingsKitSampleApp-fxymkctjpmfrsvgheyazprbctito/Build/Products/Debug-iphoneos/InAppSettingsKit.framework"; sourceTree = "<group>"; };
		288765580DF743DE002DB57D /* CoreGraphics.framework */ = {isa = PBXFileReference; lastKnownFileType = wrapper.framework; name = CoreGraphics.framework; path = System/Library/Frameworks/CoreGraphics.framework; sourceTree = SDKROOT; };
		289233A80DB2D0DB0083E9F9 /* MainViewController.h */ = {isa = PBXFileReference; fileEncoding = 4; lastKnownFileType = sourcecode.c.h; name = MainViewController.h; path = Classes/MainViewController.h; sourceTree = "<group>"; };
		289233A90DB2D0DB0083E9F9 /* MainViewController.m */ = {isa = PBXFileReference; fileEncoding = 4; lastKnownFileType = sourcecode.c.objc; name = MainViewController.m; path = Classes/MainViewController.m; sourceTree = "<group>"; };
		29B97316FDCFA39411CA2CEA /* main.m */ = {isa = PBXFileReference; fileEncoding = 4; lastKnownFileType = sourcecode.c.objc; path = main.m; sourceTree = "<group>"; };
		32CA4F630368D1EE00C91783 /* InAppSettingsKitSampleApp_Prefix.pch */ = {isa = PBXFileReference; fileEncoding = 4; lastKnownFileType = sourcecode.c.h; path = InAppSettingsKitSampleApp_Prefix.pch; sourceTree = "<group>"; };
		575C01E7127CE845009FBEA2 /* MessageUI.framework */ = {isa = PBXFileReference; lastKnownFileType = wrapper.framework; name = MessageUI.framework; path = System/Library/Frameworks/MessageUI.framework; sourceTree = SDKROOT; };
		6A1F35ED11490727003E6295 /* Icon.png */ = {isa = PBXFileReference; lastKnownFileType = image.png; path = Icon.png; sourceTree = "<group>"; };
		6A9BBEE11148EE4B003D97FA /* French */ = {isa = PBXFileReference; lastKnownFileType = file.xib; name = French; path = French.lproj/MainWindow.xib; sourceTree = "<group>"; };
		6A9BBF581148F1DA003D97FA /* 20-gear2.png */ = {isa = PBXFileReference; lastKnownFileType = image.png; path = "20-gear2.png"; sourceTree = "<group>"; };
		8D1107310486CEB800E47090 /* InAppSettingsKitSampleApp-Info.plist */ = {isa = PBXFileReference; fileEncoding = 4; lastKnownFileType = text.plist.xml; path = "InAppSettingsKitSampleApp-Info.plist"; plistStructureDefinitionIdentifier = "com.apple.xcode.plist.structure-definition.iphone.info-plist"; sourceTree = "<group>"; };
		AA0717B1134C708F0043D610 /* English */ = {isa = PBXFileReference; lastKnownFileType = file.xib; name = English; path = "iPad/English.lproj/MainWindow-iPad.xib"; sourceTree = "<group>"; };
		AA0717B2134C708F0043D610 /* German */ = {isa = PBXFileReference; lastKnownFileType = file.xib; name = German; path = "iPad/German.lproj/MainWindow-iPad.xib"; sourceTree = "<group>"; };
		AA0717B3134C708F0043D610 /* French */ = {isa = PBXFileReference; lastKnownFileType = file.xib; name = French; path = "iPad/French.lproj/MainWindow-iPad.xib"; sourceTree = "<group>"; };
		AA4095271149662F00C3BBFF /* English */ = {isa = PBXFileReference; fileEncoding = 4; lastKnownFileType = text.plist.strings; name = English; path = English.lproj/Localizable.strings; sourceTree = "<group>"; };
		AA40952B1149664400C3BBFF /* German */ = {isa = PBXFileReference; lastKnownFileType = text.plist.strings; name = German; path = German.lproj/Localizable.strings; sourceTree = "<group>"; };
		AA40952C1149664600C3BBFF /* French */ = {isa = PBXFileReference; lastKnownFileType = text.plist.strings; name = French; path = French.lproj/Localizable.strings; sourceTree = "<group>"; };
		AA8D0ED41136E17600EEB1C6 /* English */ = {isa = PBXFileReference; lastKnownFileType = file.xib; name = English; path = English.lproj/MainWindow.xib; sourceTree = "<group>"; };
		AA8D0ED61136E18200EEB1C6 /* German */ = {isa = PBXFileReference; lastKnownFileType = file.xib; name = German; path = German.lproj/MainWindow.xib; sourceTree = "<group>"; };
		AA8FA6EC12B0DBC800E7D1D1 /* German */ = {isa = PBXFileReference; lastKnownFileType = text.html; name = German; path = German.lproj/settings_about.html; sourceTree = "<group>"; };
		AAA468D5125CD9680057A662 /* CustomSubviewController.h */ = {isa = PBXFileReference; fileEncoding = 4; lastKnownFileType = sourcecode.c.h; path = CustomSubviewController.h; sourceTree = "<group>"; };
		AAA468D6125CD9680057A662 /* CustomSubviewController.m */ = {isa = PBXFileReference; fileEncoding = 4; lastKnownFileType = sourcecode.c.objc; path = CustomSubviewController.m; sourceTree = "<group>"; };
		AAA468D7125CD9680057A662 /* CustomSubviewController.xib */ = {isa = PBXFileReference; lastKnownFileType = file.xib; path = CustomSubviewController.xib; sourceTree = "<group>"; };
		AAA53E8E15B057FD00C6558B /* 20-gear2Highlighted.png */ = {isa = PBXFileReference; lastKnownFileType = image.png; path = "20-gear2Highlighted.png"; sourceTree = "<group>"; };
		AAB8389A12846D110042FF80 /* CustomViewCell.xib */ = {isa = PBXFileReference; lastKnownFileType = file.xib; path = CustomViewCell.xib; sourceTree = "<group>"; };
		AAB8389E12846D850042FF80 /* CustomViewCell.h */ = {isa = PBXFileReference; fileEncoding = 4; lastKnownFileType = sourcecode.c.h; path = CustomViewCell.h; sourceTree = "<group>"; };
		AAB8389F12846D850042FF80 /* CustomViewCell.m */ = {isa = PBXFileReference; fileEncoding = 4; lastKnownFileType = sourcecode.c.objc; path = CustomViewCell.m; sourceTree = "<group>"; };
		DACD38A910598A7600AC8E51 /* Settings.bundle */ = {isa = PBXFileReference; lastKnownFileType = "wrapper.plug-in"; path = Settings.bundle; sourceTree = SOURCE_ROOT; };
		F48E09E3123D031500B67C05 /* English */ = {isa = PBXFileReference; fileEncoding = 4; lastKnownFileType = text.html; name = English; path = English.lproj/settings_about.html; sourceTree = "<group>"; };
		FB81CA04155BC7C900CEF887 /* facebook.png */ = {isa = PBXFileReference; lastKnownFileType = image.png; path = facebook.png; sourceTree = "<group>"; };
		FB81CA05155BC7C900CEF887 /* facebook@2x.png */ = {isa = PBXFileReference; lastKnownFileType = image.png; path = "facebook@2x.png"; sourceTree = "<group>"; };
		FB81CA06155BC7C900CEF887 /* twitter.png */ = {isa = PBXFileReference; lastKnownFileType = image.png; path = twitter.png; sourceTree = "<group>"; };
		FB81CA07155BC7C900CEF887 /* twitter@2x.png */ = {isa = PBXFileReference; lastKnownFileType = image.png; path = "twitter@2x.png"; sourceTree = "<group>"; };
/* End PBXFileReference section */

/* Begin PBXFrameworksBuildPhase section */
		1D60588F0D05DD3D006BFB54 /* Frameworks */ = {
			isa = PBXFrameworksBuildPhase;
			buildActionMask = 2147483647;
			files = (
				24B21F1715B35240009F284E /* InAppSettingsKit.framework in Frameworks */,
				1D60589F0D05DD5A006BFB54 /* Foundation.framework in Frameworks */,
				1DF5F4E00D08C38300B7A737 /* UIKit.framework in Frameworks */,
				288765590DF743DE002DB57D /* CoreGraphics.framework in Frameworks */,
				575C01E8127CE845009FBEA2 /* MessageUI.framework in Frameworks */,
			);
			runOnlyForDeploymentPostprocessing = 0;
		};
/* End PBXFrameworksBuildPhase section */

/* Begin PBXGroup section */
		080E96DDFE201D6D7F000001 /* Application Delegate */ = {
			isa = PBXGroup;
			children = (
				1D3623240D0F684500981E51 /* InAppSettingsKitSampleAppAppDelegate.h */,
				1D3623250D0F684500981E51 /* InAppSettingsKitSampleAppAppDelegate.m */,
			);
			name = "Application Delegate";
			path = Classes;
			sourceTree = "<group>";
		};
		19C28FACFE9D520D11CA2CBB /* Products */ = {
			isa = PBXGroup;
			children = (
				DACD38A910598A7600AC8E51 /* Settings.bundle */,
				1D6058910D05DD3D006BFB54 /* In App Settings Kit.app */,
			);
			name = Products;
			sourceTree = "<group>";
		};
		289233A00DB2D0730083E9F9 /* Main View */ = {
			isa = PBXGroup;
			children = (
				289233A80DB2D0DB0083E9F9 /* MainViewController.h */,
				289233A90DB2D0DB0083E9F9 /* MainViewController.m */,
				AAA468D5125CD9680057A662 /* CustomSubviewController.h */,
				AAA468D6125CD9680057A662 /* CustomSubviewController.m */,
				AAB8389E12846D850042FF80 /* CustomViewCell.h */,
				AAB8389F12846D850042FF80 /* CustomViewCell.m */,
			);
			name = "Main View";
			sourceTree = "<group>";
		};
		29B97314FDCFA39411CA2CEA /* CustomTemplate */ = {
			isa = PBXGroup;
			children = (
				24B21F1615B35240009F284E /* InAppSettingsKit.framework */,
				AA0717AF134C708C0043D610 /* iPad */,
				DA5F27A010BC29C000F983BD /* Sample App */,
			);
			name = CustomTemplate;
			sourceTree = "<group>";
		};
		29B97315FDCFA39411CA2CEA /* Other Sources */ = {
			isa = PBXGroup;
			children = (
				32CA4F630368D1EE00C91783 /* InAppSettingsKitSampleApp_Prefix.pch */,
				29B97316FDCFA39411CA2CEA /* main.m */,
			);
			name = "Other Sources";
			sourceTree = "<group>";
		};
		29B97317FDCFA39411CA2CEA /* Resources */ = {
			isa = PBXGroup;
			children = (
				FB81CA03155BC7C900CEF887 /* Images */,
				AA8FA6EA12B0DBC300E7D1D1 /* settings_about.html */,
				6A1F35ED11490727003E6295 /* Icon.png */,
				6A9BBF581148F1DA003D97FA /* 20-gear2.png */,
				AAA53E8E15B057FD00C6558B /* 20-gear2Highlighted.png */,
				AA8D0ED31136E17600EEB1C6 /* MainWindow.xib */,
				8D1107310486CEB800E47090 /* InAppSettingsKitSampleApp-Info.plist */,
				AAA468D7125CD9680057A662 /* CustomSubviewController.xib */,
				AA4095291149663600C3BBFF /* Localizable.strings */,
				AAB8389A12846D110042FF80 /* CustomViewCell.xib */,
			);
			name = Resources;
			sourceTree = "<group>";
		};
		29B97323FDCFA39411CA2CEA /* Frameworks */ = {
			isa = PBXGroup;
			children = (
				1DF5F4DF0D08C38300B7A737 /* UIKit.framework */,
				1D30AB110D05D00D00671497 /* Foundation.framework */,
				288765580DF743DE002DB57D /* CoreGraphics.framework */,
				575C01E7127CE845009FBEA2 /* MessageUI.framework */,
			);
			name = Frameworks;
			sourceTree = "<group>";
		};
		AA0717AF134C708C0043D610 /* iPad */ = {
			isa = PBXGroup;
			children = (
				AA0717B0134C708F0043D610 /* MainWindow-iPad.xib */,
			);
			name = iPad;
			sourceTree = "<group>";
		};
		DA5F27A010BC29C000F983BD /* Sample App */ = {
			isa = PBXGroup;
			children = (
				289233A00DB2D0730083E9F9 /* Main View */,
				080E96DDFE201D6D7F000001 /* Application Delegate */,
				29B97315FDCFA39411CA2CEA /* Other Sources */,
				29B97317FDCFA39411CA2CEA /* Resources */,
				29B97323FDCFA39411CA2CEA /* Frameworks */,
				19C28FACFE9D520D11CA2CBB /* Products */,
			);
			name = "Sample App";
			sourceTree = "<group>";
		};
		FB81CA03155BC7C900CEF887 /* Images */ = {
			isa = PBXGroup;
			children = (
				FB81CA04155BC7C900CEF887 /* facebook.png */,
				FB81CA05155BC7C900CEF887 /* facebook@2x.png */,
				FB81CA06155BC7C900CEF887 /* twitter.png */,
				FB81CA07155BC7C900CEF887 /* twitter@2x.png */,
			);
			path = Images;
			sourceTree = "<group>";
		};
/* End PBXGroup section */

/* Begin PBXNativeTarget section */
		1D6058900D05DD3D006BFB54 /* InAppSettingsKitSampleApp */ = {
			isa = PBXNativeTarget;
			buildConfigurationList = 1D6058960D05DD3E006BFB54 /* Build configuration list for PBXNativeTarget "InAppSettingsKitSampleApp" */;
			buildPhases = (
				1D60588D0D05DD3D006BFB54 /* Resources */,
				1D60588E0D05DD3D006BFB54 /* Sources */,
				1D60588F0D05DD3D006BFB54 /* Frameworks */,
			);
			buildRules = (
			);
			dependencies = (
			);
			name = InAppSettingsKitSampleApp;
			productName = InAppSettingsKitSampleApp;
			productReference = 1D6058910D05DD3D006BFB54 /* In App Settings Kit.app */;
			productType = "com.apple.product-type.application";
		};
/* End PBXNativeTarget section */

/* Begin PBXProject section */
		29B97313FDCFA39411CA2CEA /* Project object */ = {
			isa = PBXProject;
			attributes = {
				LastUpgradeCheck = 0420;
			};
			buildConfigurationList = C01FCF4E08A954540054247B /* Build configuration list for PBXProject "InAppSettingsKitSampleApp" */;
			compatibilityVersion = "Xcode 3.2";
			developmentRegion = English;
			hasScannedForEncodings = 1;
			knownRegions = (
				English,
				Japanese,
				French,
				German,
				en,
				de,
				ja,
			);
			mainGroup = 29B97314FDCFA39411CA2CEA /* CustomTemplate */;
			projectDirPath = "";
			projectRoot = "";
			targets = (
				1D6058900D05DD3D006BFB54 /* InAppSettingsKitSampleApp */,
			);
		};
/* End PBXProject section */

/* Begin PBXResourcesBuildPhase section */
		1D60588D0D05DD3D006BFB54 /* Resources */ = {
			isa = PBXResourcesBuildPhase;
			buildActionMask = 2147483647;
			files = (
				DACD38AA10598A7600AC8E51 /* Settings.bundle in Resources */,
				AA8D0ED51136E17600EEB1C6 /* MainWindow.xib in Resources */,
				6A9BBF591148F1DA003D97FA /* 20-gear2.png in Resources */,
				6A1F35EE11490727003E6295 /* Icon.png in Resources */,
				AA40952A1149663600C3BBFF /* Localizable.strings in Resources */,
				AAA468D9125CD9680057A662 /* CustomSubviewController.xib in Resources */,
				AAB8389B12846D110042FF80 /* CustomViewCell.xib in Resources */,
				AA8FA6EB12B0DBC300E7D1D1 /* settings_about.html in Resources */,
				AA0717B4134C708F0043D610 /* MainWindow-iPad.xib in Resources */,
				FB81CA08155BC7C900CEF887 /* facebook.png in Resources */,
				FB81CA09155BC7C900CEF887 /* facebook@2x.png in Resources */,
				FB81CA0A155BC7C900CEF887 /* twitter.png in Resources */,
				FB81CA0B155BC7C900CEF887 /* twitter@2x.png in Resources */,
				AAA53E8F15B057FD00C6558B /* 20-gear2Highlighted.png in Resources */,
			);
			runOnlyForDeploymentPostprocessing = 0;
		};
/* End PBXResourcesBuildPhase section */

/* Begin PBXSourcesBuildPhase section */
		1D60588E0D05DD3D006BFB54 /* Sources */ = {
			isa = PBXSourcesBuildPhase;
			buildActionMask = 2147483647;
			files = (
				1D60589B0D05DD56006BFB54 /* main.m in Sources */,
				1D3623260D0F684500981E51 /* InAppSettingsKitSampleAppAppDelegate.m in Sources */,
				289233AE0DB2D0DB0083E9F9 /* MainViewController.m in Sources */,
				AAA468D8125CD9680057A662 /* CustomSubviewController.m in Sources */,
				AAB838A012846D850042FF80 /* CustomViewCell.m in Sources */,
			);
			runOnlyForDeploymentPostprocessing = 0;
		};
/* End PBXSourcesBuildPhase section */

/* Begin PBXVariantGroup section */
		AA0717B0134C708F0043D610 /* MainWindow-iPad.xib */ = {
			isa = PBXVariantGroup;
			children = (
				AA0717B1134C708F0043D610 /* English */,
				AA0717B2134C708F0043D610 /* German */,
				AA0717B3134C708F0043D610 /* French */,
			);
			name = "MainWindow-iPad.xib";
			sourceTree = "<group>";
		};
		AA4095291149663600C3BBFF /* Localizable.strings */ = {
			isa = PBXVariantGroup;
			children = (
				AA4095271149662F00C3BBFF /* English */,
				AA40952B1149664400C3BBFF /* German */,
				AA40952C1149664600C3BBFF /* French */,
			);
			name = Localizable.strings;
			sourceTree = "<group>";
		};
		AA8D0ED31136E17600EEB1C6 /* MainWindow.xib */ = {
			isa = PBXVariantGroup;
			children = (
				AA8D0ED41136E17600EEB1C6 /* English */,
				AA8D0ED61136E18200EEB1C6 /* German */,
				6A9BBEE11148EE4B003D97FA /* French */,
			);
			name = MainWindow.xib;
			sourceTree = "<group>";
		};
		AA8FA6EA12B0DBC300E7D1D1 /* settings_about.html */ = {
			isa = PBXVariantGroup;
			children = (
				F48E09E3123D031500B67C05 /* English */,
				AA8FA6EC12B0DBC800E7D1D1 /* German */,
			);
			name = settings_about.html;
			sourceTree = "<group>";
		};
/* End PBXVariantGroup section */

/* Begin XCBuildConfiguration section */
		1D6058940D05DD3E006BFB54 /* Debug */ = {
			isa = XCBuildConfiguration;
			buildSettings = {
				ALWAYS_SEARCH_USER_PATHS = NO;
				COPY_PHASE_STRIP = NO;
				GCC_DYNAMIC_NO_PIC = NO;
				GCC_OPTIMIZATION_LEVEL = 0;
				GCC_PRECOMPILE_PREFIX_HEADER = YES;
				GCC_PREFIX_HEADER = InAppSettingsKitSampleApp_Prefix.pch;
				GCC_VERSION = com.apple.compilers.llvm.clang.1_0;
				INFOPLIST_FILE = "InAppSettingsKitSampleApp-Info.plist";
				IPHONEOS_DEPLOYMENT_TARGET = 3.0;
				SDKROOT = iphoneos;
				TARGETED_DEVICE_FAMILY = "1,2";
			};
			name = Debug;
		};
		1D6058950D05DD3E006BFB54 /* Release */ = {
			isa = XCBuildConfiguration;
			buildSettings = {
				ALWAYS_SEARCH_USER_PATHS = NO;
				COPY_PHASE_STRIP = YES;
				GCC_PRECOMPILE_PREFIX_HEADER = YES;
				GCC_PREFIX_HEADER = InAppSettingsKitSampleApp_Prefix.pch;
				GCC_VERSION = com.apple.compilers.llvm.clang.1_0;
				INFOPLIST_FILE = "InAppSettingsKitSampleApp-Info.plist";
				IPHONEOS_DEPLOYMENT_TARGET = 3.0;
				SDKROOT = iphoneos;
				TARGETED_DEVICE_FAMILY = "1,2";
			};
			name = Release;
		};
		C01FCF4F08A954540054247B /* Debug */ = {
			isa = XCBuildConfiguration;
			buildSettings = {
				ARCHS = "$(ARCHS_STANDARD_32_BIT)";
				"CODE_SIGN_IDENTITY[sdk=iphoneos*]" = "iPhone Developer";
				GCC_C_LANGUAGE_STANDARD = c99;
				GCC_VERSION = com.apple.compilers.llvm.clang.1_0;
				GCC_WARN_ABOUT_RETURN_TYPE = YES;
				GCC_WARN_UNUSED_VARIABLE = YES;
				IPHONEOS_DEPLOYMENT_TARGET = 3.0;
				PRODUCT_NAME = "In App Settings Kit";
				SDKROOT = iphoneos;
			};
			name = Debug;
		};
		C01FCF5008A954540054247B /* Release */ = {
			isa = XCBuildConfiguration;
			buildSettings = {
				ARCHS = "$(ARCHS_STANDARD_32_BIT)";
				"CODE_SIGN_IDENTITY[sdk=iphoneos*]" = "iPhone Developer";
				GCC_C_LANGUAGE_STANDARD = c99;
				GCC_VERSION = com.apple.compilers.llvm.clang.1_0;
				GCC_WARN_ABOUT_RETURN_TYPE = YES;
				GCC_WARN_UNUSED_VARIABLE = YES;
				IPHONEOS_DEPLOYMENT_TARGET = 3.0;
				PRODUCT_NAME = "In App Settings Kit";
				SDKROOT = iphoneos;
			};
			name = Release;
		};
/* End XCBuildConfiguration section */

/* Begin XCConfigurationList section */
		1D6058960D05DD3E006BFB54 /* Build configuration list for PBXNativeTarget "InAppSettingsKitSampleApp" */ = {
			isa = XCConfigurationList;
			buildConfigurations = (
				1D6058940D05DD3E006BFB54 /* Debug */,
				1D6058950D05DD3E006BFB54 /* Release */,
			);
			defaultConfigurationIsVisible = 0;
			defaultConfigurationName = Release;
		};
		C01FCF4E08A954540054247B /* Build configuration list for PBXProject "InAppSettingsKitSampleApp" */ = {
			isa = XCConfigurationList;
			buildConfigurations = (
				C01FCF4F08A954540054247B /* Debug */,
				C01FCF5008A954540054247B /* Release */,
			);
			defaultConfigurationIsVisible = 0;
			defaultConfigurationName = Release;
		};
/* End XCConfigurationList section */
	};
	rootObject = 29B97313FDCFA39411CA2CEA /* Project object */;
}
